// !$*UTF8*$!
{
	archiveVersion = 1;
	classes = {
	};
	objectVersion = 77;
	objects = {

/* Begin PBXBuildFile section */
		02C04EC24E37CB558298C065 /* FinanceView.swift in Sources */ = {isa = PBXBuildFile; fileRef = C3E0F5A841DEE102A2A748E9 /* FinanceView.swift */; };
		F1A57C0DE0000000000A0001 /* LoansView.swift in Sources */ = {isa = PBXBuildFile; fileRef = F1A57C0DE0000000000A0002 /* LoansView.swift */; };
		F1A57C0DE0000000000B0001 /* TitheView.swift in Sources */ = {isa = PBXBuildFile; fileRef = F1A57C0DE0000000000B0002 /* TitheView.swift */; };
		F1A57C0DE0000000000C0001 /* PaychecksView.swift in Sources */ = {isa = PBXBuildFile; fileRef = F1A57C0DE0000000000C0002 /* PaychecksView.swift */; };
		F1A57C0DE0000000000D0001 /* YNABSettingsView.swift in Sources */ = {isa = PBXBuildFile; fileRef = F1A57C0DE0000000000D0002 /* YNABSettingsView.swift */; };
		F1A57C0DE0000000000E0001 /* BudgetView.swift in Sources */ = {isa = PBXBuildFile; fileRef = F1A57C0DE0000000000E0002 /* BudgetView.swift */; };
		F1A57C0DE0000000000F0001 /* PayHoursView.swift in Sources */ = {isa = PBXBuildFile; fileRef = F1A57C0DE0000000000F0002 /* PayHoursView.swift */; };
		F1A57C0DE00000000010001 /* OtherAccountsView.swift in Sources */ = {isa = PBXBuildFile; fileRef = F1A57C0DE00000000010002 /* OtherAccountsView.swift */; };
		0B277FF382202D8663836D1A /* TrashView.swift in Sources */ = {isa = PBXBuildFile; fileRef = 5659E674164A8619F674A025 /* TrashView.swift */; };
		10AA929077617858F9C0033D /* ShoppingListsView.swift in Sources */ = {isa = PBXBuildFile; fileRef = 082F8360E610399CB9791E01 /* ShoppingListsView.swift */; };
		150DF4647E3F54110B019C19 /* VehiclesViewModel.swift in Sources */ = {isa = PBXBuildFile; fileRef = 875BB4EAC2FB2A89E50D3CE3 /* VehiclesViewModel.swift */; };
		197269BDB738EF7DC058D031 /* APIClient.swift in Sources */ = {isa = PBXBuildFile; fileRef = C8846379DD0DC0029F8B00B6 /* APIClient.swift */; };
		28BB62C71B132B865695D054 /* Assets.xcassets in Resources */ = {isa = PBXBuildFile; fileRef = 10D050A0AA135EA42867348B /* Assets.xcassets */; };
		309D4E2822316C8A2AA73276 /* AddToteItemSheet.swift in Sources */ = {isa = PBXBuildFile; fileRef = E2E42C92988E41BEC50BEFC7 /* AddToteItemSheet.swift */; };
		3D9A70283B1418D66C2EB770 /* Vehicle.swift in Sources */ = {isa = PBXBuildFile; fileRef = 8F9E73A2B5915D0510398991 /* Vehicle.swift */; };
		3F50CD98FA91662D30597592 /* TotesListView.swift in Sources */ = {isa = PBXBuildFile; fileRef = 8C4CCC6D185F3EE25128D029 /* TotesListView.swift */; };
		BAB500000000000000000002 /* Babysitter.swift in Sources */ = {isa = PBXBuildFile; fileRef = BAB500000000000000000001 /* Babysitter.swift */; };
		BAB500000000000000000004 /* BabysittersListView.swift in Sources */ = {isa = PBXBuildFile; fileRef = BAB500000000000000000003 /* BabysittersListView.swift */; };
		BAB500000000000000000006 /* BabysitterDetailView.swift in Sources */ = {isa = PBXBuildFile; fileRef = BAB500000000000000000005 /* BabysitterDetailView.swift */; };
		BAB500000000000000000008 /* BabysitterFormSheet.swift in Sources */ = {isa = PBXBuildFile; fileRef = BAB500000000000000000007 /* BabysitterFormSheet.swift */; };
		BAB50000000000000000000A /* SessionFormSheet.swift in Sources */ = {isa = PBXBuildFile; fileRef = BAB500000000000000000009 /* SessionFormSheet.swift */; };
		BAB50000000000000000000C /* WeeklyReportView.swift in Sources */ = {isa = PBXBuildFile; fileRef = BAB50000000000000000000B /* WeeklyReportView.swift */; };
		BAB50000000000000000000E /* BabysitterPortalView.swift in Sources */ = {isa = PBXBuildFile; fileRef = BAB50000000000000000000F /* BabysitterPortalView.swift */; };

		4024F5BF62140807257E8FCA /* EditToteSheet.swift in Sources */ = {isa = PBXBuildFile; fileRef = 37E0D226A300933A7846E042 /* EditToteSheet.swift */; };
		CC1A2B3D4E5F6A7B8C9D0E1F /* LocationPickerView.swift in Sources */ = {isa = PBXBuildFile; fileRef = AA1B2C3D4E5F6A7B8C9D0E1F /* LocationPickerView.swift */; };
		436A4F3CF403E3EDFC47B773 /* Tote.swift in Sources */ = {isa = PBXBuildFile; fileRef = 26CF0181480A7ED66F4D253B /* Tote.swift */; };
		498E62194638AF42D4D5F4A1 /* HaleHubIOSApp.swift in Sources */ = {isa = PBXBuildFile; fileRef = FE9989920930EEF68FF24A99 /* HaleHubIOSApp.swift */; };
		4BED8439C68597ED905E5518 /* HaleNotification.swift in Sources */ = {isa = PBXBuildFile; fileRef = 2AA1D7CF6070F458F822E505 /* HaleNotification.swift */; };
		4F3EE32CA697D673557F7F60 /* LoginView.swift in Sources */ = {isa = PBXBuildFile; fileRef = 0D322D12691A62F28635D061 /* LoginView.swift */; };
		5153DFD64BF9325FEFC74E64 /* LetterEditorSheet.swift in Sources */ = {isa = PBXBuildFile; fileRef = 1EE48589C34175A306051197 /* LetterEditorSheet.swift */; };
		518E40F650756756CBB7DDE6 /* MaintenanceScheduleManagerView.swift in Sources */ = {isa = PBXBuildFile; fileRef = E947BD3D8138984D1A9AA070 /* MaintenanceScheduleManagerView.swift */; };
		574B0D1BD4CBC4B98428F106 /* LocalAuthentication.framework in Frameworks */ = {isa = PBXBuildFile; fileRef = 0C309AC162DA76ACDF7A95C8 /* LocalAuthentication.framework */; };
		5855076BEE4FCBA24B0E1E16 /* AccountView.swift in Sources */ = {isa = PBXBuildFile; fileRef = EC6F675794F03BA9FEA90968 /* AccountView.swift */; };
		5CCB5B17B30F93AED9AA0484 /* QRBatchSheet.swift in Sources */ = {isa = PBXBuildFile; fileRef = 977944FB66BE48718D1183B2 /* QRBatchSheet.swift */; };
		5D4139CDA8E7C970FFAF15AF /* ResourcesHubView.swift in Sources */ = {isa = PBXBuildFile; fileRef = 0C93425E6A35DBEE8FE9ACBA /* ResourcesHubView.swift */; };
		5D5BAB0D28F39AD5E2F28089 /* RecipeDetailView.swift in Sources */ = {isa = PBXBuildFile; fileRef = EDE837B2ED56DF5798D132C3 /* RecipeDetailView.swift */; };
		63543260E7AFF283D98B27F7 /* QRCodeDetailView.swift in Sources */ = {isa = PBXBuildFile; fileRef = 7D90AD79C3F6F7C3CC8B97F8 /* QRCodeDetailView.swift */; };
		6B9745F7E8ADD1F8F0B67D7E /* CreateToteSheet.swift in Sources */ = {isa = PBXBuildFile; fileRef = A57F526FD0101A9167FD1673 /* CreateToteSheet.swift */; };
		6BA53ED787AD869D98668CFF /* FinanceViewModel.swift in Sources */ = {isa = PBXBuildFile; fileRef = E1AD9D996E827387C9F71922 /* FinanceViewModel.swift */; };
		6EF3632628FD2B8521F92BE6 /* ArchiveHubView.swift in Sources */ = {isa = PBXBuildFile; fileRef = 46245FF3D4EDB0C2E41CE2D8 /* ArchiveHubView.swift */; };
		70570EDAB2447292C0FE276F /* RecipesViewModel.swift in Sources */ = {isa = PBXBuildFile; fileRef = D24B721CFDEC7BEE72927514 /* RecipesViewModel.swift */; };
		73E45A55E51229F7FB3D456A /* CreateReadingPlanSheet.swift in Sources */ = {isa = PBXBuildFile; fileRef = 42AC9FAC6CDD925AA7D1F237 /* CreateReadingPlanSheet.swift */; };
		7632ECDEF899542D9D899CCC /* ToteDetailView.swift in Sources */ = {isa = PBXBuildFile; fileRef = 45ACFCECF85237B26C0F6F99 /* ToteDetailView.swift */; };
		781EE9C9FD1BF73B1123495B /* ShoppingListDetailView.swift in Sources */ = {isa = PBXBuildFile; fileRef = 4A4007424790D9C4CD3E4E10 /* ShoppingListDetailView.swift */; };
		823F50914D9327257F393EA2 /* CacheManager.swift in Sources */ = {isa = PBXBuildFile; fileRef = 0BF696F77373A167292BC317 /* CacheManager.swift */; };
		87A636885F295E76F4D96781 /* ReadingPlan.swift in Sources */ = {isa = PBXBuildFile; fileRef = 9FBA0CC3BA5FFC5DB4221961 /* ReadingPlan.swift */; };
		88708811D5F23C9ACB63CCFF /* ShoppingList.swift in Sources */ = {isa = PBXBuildFile; fileRef = 96E1670807EE686A9B7E7683 /* ShoppingList.swift */; };
		8927B65ACE9F99854E246D0E /* NotificationsView.swift in Sources */ = {isa = PBXBuildFile; fileRef = EBF25113EBEDA00D06F38AC3 /* NotificationsView.swift */; };
		89A04B5E9B416B66376FBC9E /* PartsLookupView.swift in Sources */ = {isa = PBXBuildFile; fileRef = 2C6C02CCFAF46EE2033790D8 /* PartsLookupView.swift */; };
		8B4AAD519B389AE6E8ABE5BE /* MaintenanceHistoryView.swift in Sources */ = {isa = PBXBuildFile; fileRef = 9CD4130D14F56C5404DD4F9D /* MaintenanceHistoryView.swift */; };
		8B6ED2837A457F2220C99BE7 /* Finance.swift in Sources */ = {isa = PBXBuildFile; fileRef = 6EEFA3D48D7D75683FDAAF83 /* Finance.swift */; };
		91A6E494EED5EEBEADD0A03C /* VehicleDetailView.swift in Sources */ = {isa = PBXBuildFile; fileRef = E3A0DF54CE532F5E9E5E92AE /* VehicleDetailView.swift */; };
		9280B153050AE4AB40A9730B /* ShoppingViewModel.swift in Sources */ = {isa = PBXBuildFile; fileRef = 82E07456A55F649FBB9C8448 /* ShoppingViewModel.swift */; };
		92CB91D03662E6106C02EED7 /* RecipesListView.swift in Sources */ = {isa = PBXBuildFile; fileRef = 38E93521147DA51107C96ABA /* RecipesListView.swift */; };
		94D27B0D068B8688771F729B /* ResourceEditorSheet.swift in Sources */ = {isa = PBXBuildFile; fileRef = 7B850A78801A49015E962D7B /* ResourceEditorSheet.swift */; };
		9B9348553D9A7A0E97A6E5C9 /* LogEventSheet.swift in Sources */ = {isa = PBXBuildFile; fileRef = 026B9CBC27B5BDAB71949F45 /* LogEventSheet.swift */; };
		9C3F6E3B9748C95BBB6AAD63 /* MainTabView.swift in Sources */ = {isa = PBXBuildFile; fileRef = 43CB5F5CE1DA94DB05CEFAB1 /* MainTabView.swift */; };
		A94D98CBBDCCC001230A0FC1 /* AddReadingEntrySheet.swift in Sources */ = {isa = PBXBuildFile; fileRef = 56D0F8FA6169AFB6A1408AC1 /* AddReadingEntrySheet.swift */; };
		A9D2FFBFE877D843C3A6F456 /* ReadingDayDetailView.swift in Sources */ = {isa = PBXBuildFile; fileRef = 1979192C8C8DBC508631A28E /* ReadingDayDetailView.swift */; };
		B14F46530706653C689340C6 /* ToteScannerView.swift in Sources */ = {isa = PBXBuildFile; fileRef = A12C5A8D410A7C7F5827EFDD /* ToteScannerView.swift */; };
		B34DAAA824775C2B8FB9EDE7 /* QRCodeEditSheet.swift in Sources */ = {isa = PBXBuildFile; fileRef = 4EE0AA57778F672C50F6FB1B /* QRCodeEditSheet.swift */; };
		B64A219F2C54619AD786BF54 /* VehiclesListView.swift in Sources */ = {isa = PBXBuildFile; fileRef = 1F4F9E24179FC7C33C97D8A4 /* VehiclesListView.swift */; };
		BCDE5F88E2E4D735D3B5F9FB /* MealPlanView.swift in Sources */ = {isa = PBXBuildFile; fileRef = 620CC00F94FEC794D68339CD /* MealPlanView.swift */; };
		C55ECDB11898418FC61A3DBB /* OutingsAnalyticsView.swift in Sources */ = {isa = PBXBuildFile; fileRef = D53C322D778E608338D5CB7D /* OutingsAnalyticsView.swift */; };
		CC498B37E53DB67811F88BAD /* LetterDetailView.swift in Sources */ = {isa = PBXBuildFile; fileRef = BAAD29803F12391B72A484FC /* LetterDetailView.swift */; };
		D00DF8718C2DD45538075682 /* ReadingCalendarView.swift in Sources */ = {isa = PBXBuildFile; fileRef = F7FA5E2300153CB3E9C7B100 /* ReadingCalendarView.swift */; };
		D134B3EE71C1CE50594C9311 /* QRCodeCreateSheet.swift in Sources */ = {isa = PBXBuildFile; fileRef = 4C6603A1B4CEB94E3C970DF7 /* QRCodeCreateSheet.swift */; };
		D467E8EA2E3144B396FD8895 /* RecipeEditView.swift in Sources */ = {isa = PBXBuildFile; fileRef = 1FCDF504AF0FF0F7B2F22CC9 /* RecipeEditView.swift */; };
		D4DAB7C569314B2B4EC325EF /* TimeCalculatorView.swift in Sources */ = {isa = PBXBuildFile; fileRef = 54172C50FB914E1F40A7B76E /* TimeCalculatorView.swift */; };
		D54E2E36A819178621728593 /* NotificationsViewModel.swift in Sources */ = {isa = PBXBuildFile; fileRef = 78FB1010716375E4D43CFAC4 /* NotificationsViewModel.swift */; };
		D5605EF868D5C66108CCCA2D /* NetworkMonitor.swift in Sources */ = {isa = PBXBuildFile; fileRef = 1DA68F684F0A477BD7D1FEB9 /* NetworkMonitor.swift */; };
		D5D1582EF5D926ED63EC7881 /* LoanCalculatorView.swift in Sources */ = {isa = PBXBuildFile; fileRef = EB8B4D5F0F791D89EC2FB3A0 /* LoanCalculatorView.swift */; };
		DE32D7A36A038D9603EA2763 /* CookModeView.swift in Sources */ = {isa = PBXBuildFile; fileRef = 4D91DAB9A1CAE1BD99CF0623 /* CookModeView.swift */; };
		DF6FD95B813D135A81B599C7 /* ResourceDetailView.swift in Sources */ = {isa = PBXBuildFile; fileRef = 9A1199889C552A49F7DD3EDC /* ResourceDetailView.swift */; };
		E4CD84CEC9797524233AD907 /* BibleProgressView.swift in Sources */ = {isa = PBXBuildFile; fileRef = 815C624F55265C97B1C42422 /* BibleProgressView.swift */; };
		BEEF00000000000000000002 /* BookDetailView.swift in Sources */ = {isa = PBXBuildFile; fileRef = BEEF00000000000000000001 /* BookDetailView.swift */; };
		BEEF00000000000000000004 /* ChapterDetailView.swift in Sources */ = {isa = PBXBuildFile; fileRef = BEEF00000000000000000003 /* ChapterDetailView.swift */; };
		BEEF00000000000000000006 /* EditReadingEntrySheet.swift in Sources */ = {isa = PBXBuildFile; fileRef = BEEF00000000000000000005 /* EditReadingEntrySheet.swift */; };
		E5F537F0BD6951338006BB07 /* Resource.swift in Sources */ = {isa = PBXBuildFile; fileRef = 74B687332A40D9FD2B517A53 /* Resource.swift */; };
		E939161D079481F668443B56 /* ReadingView.swift in Sources */ = {isa = PBXBuildFile; fileRef = 040BCD9171AD5B0D521CFD48 /* ReadingView.swift */; };
		EEAB2FADBDA87D90CA2F7687 /* CompoundInterestView.swift in Sources */ = {isa = PBXBuildFile; fileRef = 264657A8853B85BCCFCEA2EA /* CompoundInterestView.swift */; };
		F5311CBEC7A613351D674BAE /* AuthManager.swift in Sources */ = {isa = PBXBuildFile; fileRef = 9BDCABC5B1F3AF0D5B94C773 /* AuthManager.swift */; };
		F83EA4C8B97FAAF83529BB10 /* Recipe.swift in Sources */ = {isa = PBXBuildFile; fileRef = B5759ACDD003F849257746C0 /* Recipe.swift */; };
		F87A49ECB07BF9E37E5D1260 /* QRCodesView.swift in Sources */ = {isa = PBXBuildFile; fileRef = 8B6C595536292C2EDCFD5728 /* QRCodesView.swift */; };
		FEF7F2DD496245122391D452 /* QRCode.swift in Sources */ = {isa = PBXBuildFile; fileRef = 4F474D48454B3A561B5D58DA /* QRCode.swift */; };
/* End PBXBuildFile section */

/* Begin PBXFileReference section */
		026B9CBC27B5BDAB71949F45 /* LogEventSheet.swift */ = {isa = PBXFileReference; lastKnownFileType = sourcecode.swift; path = LogEventSheet.swift; sourceTree = "<group>"; };
		040BCD9171AD5B0D521CFD48 /* ReadingView.swift */ = {isa = PBXFileReference; lastKnownFileType = sourcecode.swift; path = ReadingView.swift; sourceTree = "<group>"; };
		082F8360E610399CB9791E01 /* ShoppingListsView.swift */ = {isa = PBXFileReference; lastKnownFileType = sourcecode.swift; path = ShoppingListsView.swift; sourceTree = "<group>"; };
		0BF696F77373A167292BC317 /* CacheManager.swift */ = {isa = PBXFileReference; lastKnownFileType = sourcecode.swift; path = CacheManager.swift; sourceTree = "<group>"; };
		0C309AC162DA76ACDF7A95C8 /* LocalAuthentication.framework */ = {isa = PBXFileReference; lastKnownFileType = wrapper.framework; name = LocalAuthentication.framework; path = System/Library/Frameworks/LocalAuthentication.framework; sourceTree = SDKROOT; };
		0C93425E6A35DBEE8FE9ACBA /* ResourcesHubView.swift */ = {isa = PBXFileReference; lastKnownFileType = sourcecode.swift; path = ResourcesHubView.swift; sourceTree = "<group>"; };
		0D322D12691A62F28635D061 /* LoginView.swift */ = {isa = PBXFileReference; lastKnownFileType = sourcecode.swift; path = LoginView.swift; sourceTree = "<group>"; };
		10D050A0AA135EA42867348B /* Assets.xcassets */ = {isa = PBXFileReference; lastKnownFileType = folder.assetcatalog; path = Assets.xcassets; sourceTree = "<group>"; };
		1979192C8C8DBC508631A28E /* ReadingDayDetailView.swift */ = {isa = PBXFileReference; lastKnownFileType = sourcecode.swift; path = ReadingDayDetailView.swift; sourceTree = "<group>"; };
		1DA68F684F0A477BD7D1FEB9 /* NetworkMonitor.swift */ = {isa = PBXFileReference; lastKnownFileType = sourcecode.swift; path = NetworkMonitor.swift; sourceTree = "<group>"; };
		1EE48589C34175A306051197 /* LetterEditorSheet.swift */ = {isa = PBXFileReference; lastKnownFileType = sourcecode.swift; path = LetterEditorSheet.swift; sourceTree = "<group>"; };
		1F4F9E24179FC7C33C97D8A4 /* VehiclesListView.swift */ = {isa = PBXFileReference; lastKnownFileType = sourcecode.swift; path = VehiclesListView.swift; sourceTree = "<group>"; };
		1FCDF504AF0FF0F7B2F22CC9 /* RecipeEditView.swift */ = {isa = PBXFileReference; lastKnownFileType = sourcecode.swift; path = RecipeEditView.swift; sourceTree = "<group>"; };
		264657A8853B85BCCFCEA2EA /* CompoundInterestView.swift */ = {isa = PBXFileReference; lastKnownFileType = sourcecode.swift; path = CompoundInterestView.swift; sourceTree = "<group>"; };
		26CF0181480A7ED66F4D253B /* Tote.swift */ = {isa = PBXFileReference; lastKnownFileType = sourcecode.swift; path = Tote.swift; sourceTree = "<group>"; };
		BAB500000000000000000001 /* Babysitter.swift */ = {isa = PBXFileReference; lastKnownFileType = sourcecode.swift; path = Babysitter.swift; sourceTree = "<group>"; };
		BAB500000000000000000003 /* BabysittersListView.swift */ = {isa = PBXFileReference; lastKnownFileType = sourcecode.swift; path = BabysittersListView.swift; sourceTree = "<group>"; };
		BAB500000000000000000005 /* BabysitterDetailView.swift */ = {isa = PBXFileReference; lastKnownFileType = sourcecode.swift; path = BabysitterDetailView.swift; sourceTree = "<group>"; };
		BAB500000000000000000007 /* BabysitterFormSheet.swift */ = {isa = PBXFileReference; lastKnownFileType = sourcecode.swift; path = BabysitterFormSheet.swift; sourceTree = "<group>"; };
		BAB500000000000000000009 /* SessionFormSheet.swift */ = {isa = PBXFileReference; lastKnownFileType = sourcecode.swift; path = SessionFormSheet.swift; sourceTree = "<group>"; };
		BAB50000000000000000000B /* WeeklyReportView.swift */ = {isa = PBXFileReference; lastKnownFileType = sourcecode.swift; path = WeeklyReportView.swift; sourceTree = "<group>"; };
		BAB50000000000000000000F /* BabysitterPortalView.swift */ = {isa = PBXFileReference; lastKnownFileType = sourcecode.swift; path = BabysitterPortalView.swift; sourceTree = "<group>"; };
		2AA1D7CF6070F458F822E505 /* HaleNotification.swift */ = {isa = PBXFileReference; lastKnownFileType = sourcecode.swift; path = HaleNotification.swift; sourceTree = "<group>"; };
		2C6C02CCFAF46EE2033790D8 /* PartsLookupView.swift */ = {isa = PBXFileReference; lastKnownFileType = sourcecode.swift; path = PartsLookupView.swift; sourceTree = "<group>"; };
		37E0D226A300933A7846E042 /* EditToteSheet.swift */ = {isa = PBXFileReference; lastKnownFileType = sourcecode.swift; path = EditToteSheet.swift; sourceTree = "<group>"; };
		AA1B2C3D4E5F6A7B8C9D0E1F /* LocationPickerView.swift */ = {isa = PBXFileReference; lastKnownFileType = sourcecode.swift; path = LocationPickerView.swift; sourceTree = "<group>"; };
		38E93521147DA51107C96ABA /* RecipesListView.swift */ = {isa = PBXFileReference; lastKnownFileType = sourcecode.swift; path = RecipesListView.swift; sourceTree = "<group>"; };
		42AC9FAC6CDD925AA7D1F237 /* CreateReadingPlanSheet.swift */ = {isa = PBXFileReference; lastKnownFileType = sourcecode.swift; path = CreateReadingPlanSheet.swift; sourceTree = "<group>"; };
		43CB5F5CE1DA94DB05CEFAB1 /* MainTabView.swift */ = {isa = PBXFileReference; lastKnownFileType = sourcecode.swift; path = MainTabView.swift; sourceTree = "<group>"; };
		45ACFCECF85237B26C0F6F99 /* ToteDetailView.swift */ = {isa = PBXFileReference; lastKnownFileType = sourcecode.swift; path = ToteDetailView.swift; sourceTree = "<group>"; };
		46245FF3D4EDB0C2E41CE2D8 /* ArchiveHubView.swift */ = {isa = PBXFileReference; lastKnownFileType = sourcecode.swift; path = ArchiveHubView.swift; sourceTree = "<group>"; };
		4A4007424790D9C4CD3E4E10 /* ShoppingListDetailView.swift */ = {isa = PBXFileReference; lastKnownFileType = sourcecode.swift; path = ShoppingListDetailView.swift; sourceTree = "<group>"; };
		4C6603A1B4CEB94E3C970DF7 /* QRCodeCreateSheet.swift */ = {isa = PBXFileReference; lastKnownFileType = sourcecode.swift; path = QRCodeCreateSheet.swift; sourceTree = "<group>"; };
		4D91DAB9A1CAE1BD99CF0623 /* CookModeView.swift */ = {isa = PBXFileReference; lastKnownFileType = sourcecode.swift; path = CookModeView.swift; sourceTree = "<group>"; };
		4EE0AA57778F672C50F6FB1B /* QRCodeEditSheet.swift */ = {isa = PBXFileReference; lastKnownFileType = sourcecode.swift; path = QRCodeEditSheet.swift; sourceTree = "<group>"; };
		4F474D48454B3A561B5D58DA /* QRCode.swift */ = {isa = PBXFileReference; lastKnownFileType = sourcecode.swift; path = QRCode.swift; sourceTree = "<group>"; };
		54172C50FB914E1F40A7B76E /* TimeCalculatorView.swift */ = {isa = PBXFileReference; lastKnownFileType = sourcecode.swift; path = TimeCalculatorView.swift; sourceTree = "<group>"; };
		5659E674164A8619F674A025 /* TrashView.swift */ = {isa = PBXFileReference; lastKnownFileType = sourcecode.swift; path = TrashView.swift; sourceTree = "<group>"; };
		56D0F8FA6169AFB6A1408AC1 /* AddReadingEntrySheet.swift */ = {isa = PBXFileReference; lastKnownFileType = sourcecode.swift; path = AddReadingEntrySheet.swift; sourceTree = "<group>"; };
		620CC00F94FEC794D68339CD /* MealPlanView.swift */ = {isa = PBXFileReference; lastKnownFileType = sourcecode.swift; path = MealPlanView.swift; sourceTree = "<group>"; };
		6EEFA3D48D7D75683FDAAF83 /* Finance.swift */ = {isa = PBXFileReference; lastKnownFileType = sourcecode.swift; path = Finance.swift; sourceTree = "<group>"; };
		74B687332A40D9FD2B517A53 /* Resource.swift */ = {isa = PBXFileReference; lastKnownFileType = sourcecode.swift; path = Resource.swift; sourceTree = "<group>"; };
		78FB1010716375E4D43CFAC4 /* NotificationsViewModel.swift */ = {isa = PBXFileReference; lastKnownFileType = sourcecode.swift; path = NotificationsViewModel.swift; sourceTree = "<group>"; };
		7B850A78801A49015E962D7B /* ResourceEditorSheet.swift */ = {isa = PBXFileReference; lastKnownFileType = sourcecode.swift; path = ResourceEditorSheet.swift; sourceTree = "<group>"; };
		7D90AD79C3F6F7C3CC8B97F8 /* QRCodeDetailView.swift */ = {isa = PBXFileReference; lastKnownFileType = sourcecode.swift; path = QRCodeDetailView.swift; sourceTree = "<group>"; };
		815C624F55265C97B1C42422 /* BibleProgressView.swift */ = {isa = PBXFileReference; lastKnownFileType = sourcecode.swift; path = BibleProgressView.swift; sourceTree = "<group>"; };
		BEEF00000000000000000001 /* BookDetailView.swift */ = {isa = PBXFileReference; lastKnownFileType = sourcecode.swift; path = BookDetailView.swift; sourceTree = "<group>"; };
		BEEF00000000000000000003 /* ChapterDetailView.swift */ = {isa = PBXFileReference; lastKnownFileType = sourcecode.swift; path = ChapterDetailView.swift; sourceTree = "<group>"; };
		BEEF00000000000000000005 /* EditReadingEntrySheet.swift */ = {isa = PBXFileReference; lastKnownFileType = sourcecode.swift; path = EditReadingEntrySheet.swift; sourceTree = "<group>"; };
		82E07456A55F649FBB9C8448 /* ShoppingViewModel.swift */ = {isa = PBXFileReference; lastKnownFileType = sourcecode.swift; path = ShoppingViewModel.swift; sourceTree = "<group>"; };
		875BB4EAC2FB2A89E50D3CE3 /* VehiclesViewModel.swift */ = {isa = PBXFileReference; lastKnownFileType = sourcecode.swift; path = VehiclesViewModel.swift; sourceTree = "<group>"; };
		8B6C595536292C2EDCFD5728 /* QRCodesView.swift */ = {isa = PBXFileReference; lastKnownFileType = sourcecode.swift; path = QRCodesView.swift; sourceTree = "<group>"; };
		8C4CCC6D185F3EE25128D029 /* TotesListView.swift */ = {isa = PBXFileReference; lastKnownFileType = sourcecode.swift; path = TotesListView.swift; sourceTree = "<group>"; };

		8F9E73A2B5915D0510398991 /* Vehicle.swift */ = {isa = PBXFileReference; lastKnownFileType = sourcecode.swift; path = Vehicle.swift; sourceTree = "<group>"; };
		96E1670807EE686A9B7E7683 /* ShoppingList.swift */ = {isa = PBXFileReference; lastKnownFileType = sourcecode.swift; path = ShoppingList.swift; sourceTree = "<group>"; };
		977944FB66BE48718D1183B2 /* QRBatchSheet.swift */ = {isa = PBXFileReference; lastKnownFileType = sourcecode.swift; path = QRBatchSheet.swift; sourceTree = "<group>"; };
		9A1199889C552A49F7DD3EDC /* ResourceDetailView.swift */ = {isa = PBXFileReference; lastKnownFileType = sourcecode.swift; path = ResourceDetailView.swift; sourceTree = "<group>"; };
		9BDCABC5B1F3AF0D5B94C773 /* AuthManager.swift */ = {isa = PBXFileReference; lastKnownFileType = sourcecode.swift; path = AuthManager.swift; sourceTree = "<group>"; };
		9CD4130D14F56C5404DD4F9D /* MaintenanceHistoryView.swift */ = {isa = PBXFileReference; lastKnownFileType = sourcecode.swift; path = MaintenanceHistoryView.swift; sourceTree = "<group>"; };
		9FBA0CC3BA5FFC5DB4221961 /* ReadingPlan.swift */ = {isa = PBXFileReference; lastKnownFileType = sourcecode.swift; path = ReadingPlan.swift; sourceTree = "<group>"; };
		A12C5A8D410A7C7F5827EFDD /* ToteScannerView.swift */ = {isa = PBXFileReference; lastKnownFileType = sourcecode.swift; path = ToteScannerView.swift; sourceTree = "<group>"; };
		A57F526FD0101A9167FD1673 /* CreateToteSheet.swift */ = {isa = PBXFileReference; lastKnownFileType = sourcecode.swift; path = CreateToteSheet.swift; sourceTree = "<group>"; };
		A9562ADACDD9013D314DD553 /* Info.plist */ = {isa = PBXFileReference; lastKnownFileType = text.plist; path = Info.plist; sourceTree = "<group>"; };
		B5759ACDD003F849257746C0 /* Recipe.swift */ = {isa = PBXFileReference; lastKnownFileType = sourcecode.swift; path = Recipe.swift; sourceTree = "<group>"; };
		BAAD29803F12391B72A484FC /* LetterDetailView.swift */ = {isa = PBXFileReference; lastKnownFileType = sourcecode.swift; path = LetterDetailView.swift; sourceTree = "<group>"; };
		C3E0F5A841DEE102A2A748E9 /* FinanceView.swift */ = {isa = PBXFileReference; lastKnownFileType = sourcecode.swift; path = FinanceView.swift; sourceTree = "<group>"; };
		F1A57C0DE0000000000A0002 /* LoansView.swift */ = {isa = PBXFileReference; lastKnownFileType = sourcecode.swift; path = LoansView.swift; sourceTree = "<group>"; };
		F1A57C0DE0000000000B0002 /* TitheView.swift */ = {isa = PBXFileReference; lastKnownFileType = sourcecode.swift; path = TitheView.swift; sourceTree = "<group>"; };
		F1A57C0DE0000000000C0002 /* PaychecksView.swift */ = {isa = PBXFileReference; lastKnownFileType = sourcecode.swift; path = PaychecksView.swift; sourceTree = "<group>"; };
		F1A57C0DE0000000000D0002 /* YNABSettingsView.swift */ = {isa = PBXFileReference; lastKnownFileType = sourcecode.swift; path = YNABSettingsView.swift; sourceTree = "<group>"; };
		F1A57C0DE0000000000E0002 /* BudgetView.swift */ = {isa = PBXFileReference; lastKnownFileType = sourcecode.swift; path = BudgetView.swift; sourceTree = "<group>"; };
		F1A57C0DE0000000000F0002 /* PayHoursView.swift */ = {isa = PBXFileReference; lastKnownFileType = sourcecode.swift; path = PayHoursView.swift; sourceTree = "<group>"; };
		F1A57C0DE00000000010002 /* OtherAccountsView.swift */ = {isa = PBXFileReference; lastKnownFileType = sourcecode.swift; path = OtherAccountsView.swift; sourceTree = "<group>"; };
		C8846379DD0DC0029F8B00B6 /* APIClient.swift */ = {isa = PBXFileReference; lastKnownFileType = sourcecode.swift; path = APIClient.swift; sourceTree = "<group>"; };
		D24B721CFDEC7BEE72927514 /* RecipesViewModel.swift */ = {isa = PBXFileReference; lastKnownFileType = sourcecode.swift; path = RecipesViewModel.swift; sourceTree = "<group>"; };
		D53C322D778E608338D5CB7D /* OutingsAnalyticsView.swift */ = {isa = PBXFileReference; lastKnownFileType = sourcecode.swift; path = OutingsAnalyticsView.swift; sourceTree = "<group>"; };
		D77C2BBF0F9F154CA449BA91 /* HaleHubIOS.app */ = {isa = PBXFileReference; explicitFileType = wrapper.application; includeInIndex = 0; path = HaleHubIOS.app; sourceTree = BUILT_PRODUCTS_DIR; };
		E1AD9D996E827387C9F71922 /* FinanceViewModel.swift */ = {isa = PBXFileReference; lastKnownFileType = sourcecode.swift; path = FinanceViewModel.swift; sourceTree = "<group>"; };
		E2E42C92988E41BEC50BEFC7 /* AddToteItemSheet.swift */ = {isa = PBXFileReference; lastKnownFileType = sourcecode.swift; path = AddToteItemSheet.swift; sourceTree = "<group>"; };
		E3A0DF54CE532F5E9E5E92AE /* VehicleDetailView.swift */ = {isa = PBXFileReference; lastKnownFileType = sourcecode.swift; path = VehicleDetailView.swift; sourceTree = "<group>"; };
		E947BD3D8138984D1A9AA070 /* MaintenanceScheduleManagerView.swift */ = {isa = PBXFileReference; lastKnownFileType = sourcecode.swift; path = MaintenanceScheduleManagerView.swift; sourceTree = "<group>"; };
		EB8B4D5F0F791D89EC2FB3A0 /* LoanCalculatorView.swift */ = {isa = PBXFileReference; lastKnownFileType = sourcecode.swift; path = LoanCalculatorView.swift; sourceTree = "<group>"; };
		EBF25113EBEDA00D06F38AC3 /* NotificationsView.swift */ = {isa = PBXFileReference; lastKnownFileType = sourcecode.swift; path = NotificationsView.swift; sourceTree = "<group>"; };
		EC6F675794F03BA9FEA90968 /* AccountView.swift */ = {isa = PBXFileReference; lastKnownFileType = sourcecode.swift; path = AccountView.swift; sourceTree = "<group>"; };
		EDE837B2ED56DF5798D132C3 /* RecipeDetailView.swift */ = {isa = PBXFileReference; lastKnownFileType = sourcecode.swift; path = RecipeDetailView.swift; sourceTree = "<group>"; };
		F7FA5E2300153CB3E9C7B100 /* ReadingCalendarView.swift */ = {isa = PBXFileReference; lastKnownFileType = sourcecode.swift; path = ReadingCalendarView.swift; sourceTree = "<group>"; };
		FE9989920930EEF68FF24A99 /* HaleHubIOSApp.swift */ = {isa = PBXFileReference; lastKnownFileType = sourcecode.swift; path = HaleHubIOSApp.swift; sourceTree = "<group>"; };
/* End PBXFileReference section */

/* Begin PBXFrameworksBuildPhase section */
		118F711278F6A1BC376E142E /* Frameworks */ = {
			isa = PBXFrameworksBuildPhase;
			buildActionMask = 2147483647;
			files = (
				574B0D1BD4CBC4B98428F106 /* LocalAuthentication.framework in Frameworks */,
			);
			runOnlyForDeploymentPostprocessing = 0;
		};
/* End PBXFrameworksBuildPhase section */

/* Begin PBXGroup section */
		0C5917EC5CFD1AE35C23DF26 /* Calculators */ = {
			isa = PBXGroup;
			children = (
				264657A8853B85BCCFCEA2EA /* CompoundInterestView.swift */,
				EB8B4D5F0F791D89EC2FB3A0 /* LoanCalculatorView.swift */,
				54172C50FB914E1F40A7B76E /* TimeCalculatorView.swift */,
			);
			path = Calculators;
			sourceTree = "<group>";
		};
		165EF7B69BBF93EFF7F484CE /* Resources */ = {
			isa = PBXGroup;
			children = (
				46245FF3D4EDB0C2E41CE2D8 /* ArchiveHubView.swift */,
				BAAD29803F12391B72A484FC /* LetterDetailView.swift */,
				1EE48589C34175A306051197 /* LetterEditorSheet.swift */,
				9A1199889C552A49F7DD3EDC /* ResourceDetailView.swift */,
				7B850A78801A49015E962D7B /* ResourceEditorSheet.swift */,
				0C93425E6A35DBEE8FE9ACBA /* ResourcesHubView.swift */,
			);
			path = Resources;
			sourceTree = "<group>";
		};
		2779E23076A0489295A19FEC /* Auth */ = {
			isa = PBXGroup;
			children = (
				0D322D12691A62F28635D061 /* LoginView.swift */,
			);
			path = Auth;
			sourceTree = "<group>";
		};
		2A11BDC9B4E80E58B096E2FA /* Network */ = {
			isa = PBXGroup;
			children = (
				C8846379DD0DC0029F8B00B6 /* APIClient.swift */,
				9BDCABC5B1F3AF0D5B94C773 /* AuthManager.swift */,
				1DA68F684F0A477BD7D1FEB9 /* NetworkMonitor.swift */,
			);
			path = Network;
			sourceTree = "<group>";
		};
		2BD4D7F439E7263ADCD5123F /* App */ = {
			isa = PBXGroup;
			children = (
				43CB5F5CE1DA94DB05CEFAB1 /* MainTabView.swift */,
			);
			path = App;
			sourceTree = "<group>";
		};
		BAB50000000000000000000D /* Babysitters */ = {
			isa = PBXGroup;
			children = (
				BAB500000000000000000003 /* BabysittersListView.swift */,
				BAB500000000000000000005 /* BabysitterDetailView.swift */,
				BAB500000000000000000007 /* BabysitterFormSheet.swift */,
				BAB500000000000000000009 /* SessionFormSheet.swift */,
				BAB50000000000000000000B /* WeeklyReportView.swift */,
				BAB50000000000000000000F /* BabysitterPortalView.swift */,
			);
			path = Babysitters;
			sourceTree = "<group>";
		};
		4A984A79AB78489485356B9C /* Totes */ = {
			isa = PBXGroup;
			children = (
				E2E42C92988E41BEC50BEFC7 /* AddToteItemSheet.swift */,
				A57F526FD0101A9167FD1673 /* CreateToteSheet.swift */,
				37E0D226A300933A7846E042 /* EditToteSheet.swift */,
				AA1B2C3D4E5F6A7B8C9D0E1F /* LocationPickerView.swift */,
				977944FB66BE48718D1183B2 /* QRBatchSheet.swift */,
				45ACFCECF85237B26C0F6F99 /* ToteDetailView.swift */,
				A12C5A8D410A7C7F5827EFDD /* ToteScannerView.swift */,
				8C4CCC6D185F3EE25128D029 /* TotesListView.swift */,
			);
			path = Totes;
			sourceTree = "<group>";
		};
		568EAE4E88608D1EA0331FA4 /* Vehicles */ = {
			isa = PBXGroup;
			children = (
				026B9CBC27B5BDAB71949F45 /* LogEventSheet.swift */,
				9CD4130D14F56C5404DD4F9D /* MaintenanceHistoryView.swift */,
				E947BD3D8138984D1A9AA070 /* MaintenanceScheduleManagerView.swift */,
				D53C322D778E608338D5CB7D /* OutingsAnalyticsView.swift */,
				2C6C02CCFAF46EE2033790D8 /* PartsLookupView.swift */,
				5659E674164A8619F674A025 /* TrashView.swift */,
				E3A0DF54CE532F5E9E5E92AE /* VehicleDetailView.swift */,
				1F4F9E24179FC7C33C97D8A4 /* VehiclesListView.swift */,
				875BB4EAC2FB2A89E50D3CE3 /* VehiclesViewModel.swift */,
			);
			path = Vehicles;
			sourceTree = "<group>";
		};
		930528345EA9D2A1C1D133E1 /* Finance */ = {
			isa = PBXGroup;
			children = (
				C3E0F5A841DEE102A2A748E9 /* FinanceView.swift */,
				F1A57C0DE0000000000A0002 /* LoansView.swift */,
				F1A57C0DE0000000000B0002 /* TitheView.swift */,
				F1A57C0DE0000000000C0002 /* PaychecksView.swift */,
				F1A57C0DE0000000000D0002 /* YNABSettingsView.swift */,
				F1A57C0DE0000000000E0002 /* BudgetView.swift */,
				F1A57C0DE0000000000F0002 /* PayHoursView.swift */,
				F1A57C0DE00000000010002 /* OtherAccountsView.swift */,
				E1AD9D996E827387C9F71922 /* FinanceViewModel.swift */,
			);
			path = Finance;
			sourceTree = "<group>";
		};
		97EEECC98A68AA188994A413 /* Products */ = {
			isa = PBXGroup;
			children = (
				D77C2BBF0F9F154CA449BA91 /* HaleHubIOS.app */,
			);
			name = Products;
			sourceTree = "<group>";
		};
		A328491D00A9BF3A255E39E1 /* Storage */ = {
			isa = PBXGroup;
			children = (
				0BF696F77373A167292BC317 /* CacheManager.swift */,
			);
			path = Storage;
			sourceTree = "<group>";
		};
		A41D911E19A6940701787973 /* Recipes */ = {
			isa = PBXGroup;
			children = (
				4D91DAB9A1CAE1BD99CF0623 /* CookModeView.swift */,
				620CC00F94FEC794D68339CD /* MealPlanView.swift */,
				EDE837B2ED56DF5798D132C3 /* RecipeDetailView.swift */,
				1FCDF504AF0FF0F7B2F22CC9 /* RecipeEditView.swift */,
				38E93521147DA51107C96ABA /* RecipesListView.swift */,
				D24B721CFDEC7BEE72927514 /* RecipesViewModel.swift */,
			);
			path = Recipes;
			sourceTree = "<group>";
		};
		A527332F79E146C023F518AE /* Account */ = {
			isa = PBXGroup;
			children = (
				EC6F675794F03BA9FEA90968 /* AccountView.swift */,
				0C5917EC5CFD1AE35C23DF26 /* Calculators */,
			);
			path = Account;
			sourceTree = "<group>";
		};
		A916BB5154586E41F86F257E = {
			isa = PBXGroup;
			children = (
				E38C78865F9A8B9BA98DDF8B /* HaleHubIOS */,
				D683228B37CA6C0555D7EDD3 /* Frameworks */,
				97EEECC98A68AA188994A413 /* Products */,
			);
			sourceTree = "<group>";
		};
		BEA2C024B12CB6CA2B31B1F1 /* Features */ = {
			isa = PBXGroup;
			children = (
				A527332F79E146C023F518AE /* Account */,
				2779E23076A0489295A19FEC /* Auth */,
				BAB50000000000000000000D /* Babysitters */,
				930528345EA9D2A1C1D133E1 /* Finance */,
				D645A6604A6A6419044BE7C6 /* Notifications */,
				FBB18F775E80E5142A4EA1ED /* QRCodes */,
				FE35827F02002831CB9DA466 /* Reading */,
				A41D911E19A6940701787973 /* Recipes */,
				165EF7B69BBF93EFF7F484CE /* Resources */,
				F9E8A2DD09DC25FDDC9A7DB3 /* Shopping */,
				4A984A79AB78489485356B9C /* Totes */,
				568EAE4E88608D1EA0331FA4 /* Vehicles */,
			);
			path = Features;
			sourceTree = "<group>";
		};
		CC0D38461D8EF6E4CFD09D67 /* Resources */ = {
			isa = PBXGroup;
			children = (
				10D050A0AA135EA42867348B /* Assets.xcassets */,
			);
			path = Resources;
			sourceTree = "<group>";
		};
		D0F7D6D5B7838E8DC3B21088 /* Core */ = {
			isa = PBXGroup;
			children = (
				D4A79967382059C3D2354F07 /* Models */,
				2A11BDC9B4E80E58B096E2FA /* Network */,
				A328491D00A9BF3A255E39E1 /* Storage */,
			);
			path = Core;
			sourceTree = "<group>";
		};
		D4A79967382059C3D2354F07 /* Models */ = {
			isa = PBXGroup;
			children = (
				BAB500000000000000000001 /* Babysitter.swift */,
				6EEFA3D48D7D75683FDAAF83 /* Finance.swift */,
				2AA1D7CF6070F458F822E505 /* HaleNotification.swift */,
				4F474D48454B3A561B5D58DA /* QRCode.swift */,
				9FBA0CC3BA5FFC5DB4221961 /* ReadingPlan.swift */,
				B5759ACDD003F849257746C0 /* Recipe.swift */,
				74B687332A40D9FD2B517A53 /* Resource.swift */,
				96E1670807EE686A9B7E7683 /* ShoppingList.swift */,
				26CF0181480A7ED66F4D253B /* Tote.swift */,
				8F9E73A2B5915D0510398991 /* Vehicle.swift */,
			);
			path = Models;
			sourceTree = "<group>";
		};
		D645A6604A6A6419044BE7C6 /* Notifications */ = {
			isa = PBXGroup;
			children = (
				EBF25113EBEDA00D06F38AC3 /* NotificationsView.swift */,
				78FB1010716375E4D43CFAC4 /* NotificationsViewModel.swift */,
			);
			path = Notifications;
			sourceTree = "<group>";
		};
		D683228B37CA6C0555D7EDD3 /* Frameworks */ = {
			isa = PBXGroup;
			children = (
				0C309AC162DA76ACDF7A95C8 /* LocalAuthentication.framework */,
			);
			name = Frameworks;
			sourceTree = "<group>";
		};
		E38C78865F9A8B9BA98DDF8B /* HaleHubIOS */ = {
			isa = PBXGroup;
			children = (
				FE9989920930EEF68FF24A99 /* HaleHubIOSApp.swift */,
				A9562ADACDD9013D314DD553 /* Info.plist */,
				2BD4D7F439E7263ADCD5123F /* App */,
				D0F7D6D5B7838E8DC3B21088 /* Core */,
				BEA2C024B12CB6CA2B31B1F1 /* Features */,
				CC0D38461D8EF6E4CFD09D67 /* Resources */,
			);
			name = HaleHubIOS;
			path = Sources/HaleHubIOS;
			sourceTree = "<group>";
		};
		F9E8A2DD09DC25FDDC9A7DB3 /* Shopping */ = {
			isa = PBXGroup;
			children = (
				4A4007424790D9C4CD3E4E10 /* ShoppingListDetailView.swift */,
				082F8360E610399CB9791E01 /* ShoppingListsView.swift */,
				82E07456A55F649FBB9C8448 /* ShoppingViewModel.swift */,
			);
			path = Shopping;
			sourceTree = "<group>";
		};
		FBB18F775E80E5142A4EA1ED /* QRCodes */ = {
			isa = PBXGroup;
			children = (
				4C6603A1B4CEB94E3C970DF7 /* QRCodeCreateSheet.swift */,
				7D90AD79C3F6F7C3CC8B97F8 /* QRCodeDetailView.swift */,
				4EE0AA57778F672C50F6FB1B /* QRCodeEditSheet.swift */,
				8B6C595536292C2EDCFD5728 /* QRCodesView.swift */,
			);
			path = QRCodes;
			sourceTree = "<group>";
		};
		FE35827F02002831CB9DA466 /* Reading */ = {
			isa = PBXGroup;
			children = (
				56D0F8FA6169AFB6A1408AC1 /* AddReadingEntrySheet.swift */,
				815C624F55265C97B1C42422 /* BibleProgressView.swift */,
				BEEF00000000000000000001 /* BookDetailView.swift */,
				BEEF00000000000000000003 /* ChapterDetailView.swift */,
				BEEF00000000000000000005 /* EditReadingEntrySheet.swift */,
				42AC9FAC6CDD925AA7D1F237 /* CreateReadingPlanSheet.swift */,
				F7FA5E2300153CB3E9C7B100 /* ReadingCalendarView.swift */,
				1979192C8C8DBC508631A28E /* ReadingDayDetailView.swift */,
				040BCD9171AD5B0D521CFD48 /* ReadingView.swift */,
			);
			path = Reading;
			sourceTree = "<group>";
		};
/* End PBXGroup section */

/* Begin PBXNativeTarget section */
		11DA12F89A26FC90FF2634A3 /* HaleHubIOS */ = {
			isa = PBXNativeTarget;
			buildConfigurationList = 64D1CB02C1FE99690563D76D /* Build configuration list for PBXNativeTarget "HaleHubIOS" */;
			buildPhases = (
				FE2FFF9148B97F3E891C7646 /* Sources */,
				8C9EC32351570C793B3192D8 /* Resources */,
				118F711278F6A1BC376E142E /* Frameworks */,
			);
			buildRules = (
			);
			dependencies = (
			);
			name = HaleHubIOS;
			packageProductDependencies = (
			);
			productName = HaleHubIOS;
			productReference = D77C2BBF0F9F154CA449BA91 /* HaleHubIOS.app */;
			productType = "com.apple.product-type.application";
		};
/* End PBXNativeTarget section */

/* Begin PBXProject section */
		559617F0D81DA1AB14EBCCA4 /* Project object */ = {
			isa = PBXProject;
			attributes = {
				BuildIndependentTargetsInParallel = YES;
				LastUpgradeCheck = 1600;
			};
			buildConfigurationList = 3B3D8606F7461AA679980847 /* Build configuration list for PBXProject "HaleHubIOS" */;
			developmentRegion = en;
			hasScannedForEncodings = 0;
			knownRegions = (
				Base,
				en,
			);
			mainGroup = A916BB5154586E41F86F257E;
			minimizedProjectReferenceProxies = 1;
			preferredProjectObjectVersion = 77;
			productRefGroup = 97EEECC98A68AA188994A413 /* Products */;
			projectDirPath = "";
			projectRoot = "";
			targets = (
				11DA12F89A26FC90FF2634A3 /* HaleHubIOS */,
			);
		};
/* End PBXProject section */

/* Begin PBXResourcesBuildPhase section */
		8C9EC32351570C793B3192D8 /* Resources */ = {
			isa = PBXResourcesBuildPhase;
			buildActionMask = 2147483647;
			files = (
				28BB62C71B132B865695D054 /* Assets.xcassets in Resources */,
			);
			runOnlyForDeploymentPostprocessing = 0;
		};
/* End PBXResourcesBuildPhase section */

/* Begin PBXSourcesBuildPhase section */
		FE2FFF9148B97F3E891C7646 /* Sources */ = {
			isa = PBXSourcesBuildPhase;
			buildActionMask = 2147483647;
			files = (
				197269BDB738EF7DC058D031 /* APIClient.swift in Sources */,
				5855076BEE4FCBA24B0E1E16 /* AccountView.swift in Sources */,
				A94D98CBBDCCC001230A0FC1 /* AddReadingEntrySheet.swift in Sources */,
				309D4E2822316C8A2AA73276 /* AddToteItemSheet.swift in Sources */,
				6EF3632628FD2B8521F92BE6 /* ArchiveHubView.swift in Sources */,
				F5311CBEC7A613351D674BAE /* AuthManager.swift in Sources */,
				E4CD84CEC9797524233AD907 /* BibleProgressView.swift in Sources */,
				BEEF00000000000000000002 /* BookDetailView.swift in Sources */,
				BEEF00000000000000000004 /* ChapterDetailView.swift in Sources */,
				BEEF00000000000000000006 /* EditReadingEntrySheet.swift in Sources */,
				823F50914D9327257F393EA2 /* CacheManager.swift in Sources */,
				EEAB2FADBDA87D90CA2F7687 /* CompoundInterestView.swift in Sources */,
				DE32D7A36A038D9603EA2763 /* CookModeView.swift in Sources */,
				73E45A55E51229F7FB3D456A /* CreateReadingPlanSheet.swift in Sources */,
				6B9745F7E8ADD1F8F0B67D7E /* CreateToteSheet.swift in Sources */,
				4024F5BF62140807257E8FCA /* EditToteSheet.swift in Sources */,
				CC1A2B3D4E5F6A7B8C9D0E1F /* LocationPickerView.swift in Sources */,
				8B6ED2837A457F2220C99BE7 /* Finance.swift in Sources */,
				02C04EC24E37CB558298C065 /* FinanceView.swift in Sources */,
				F1A57C0DE0000000000A0001 /* LoansView.swift in Sources */,
				F1A57C0DE0000000000B0001 /* TitheView.swift in Sources */,
				F1A57C0DE0000000000C0001 /* PaychecksView.swift in Sources */,
				F1A57C0DE0000000000D0001 /* YNABSettingsView.swift in Sources */,
				F1A57C0DE0000000000E0001 /* BudgetView.swift in Sources */,
				F1A57C0DE0000000000F0001 /* PayHoursView.swift in Sources */,
				F1A57C0DE00000000010001 /* OtherAccountsView.swift in Sources */,
				6BA53ED787AD869D98668CFF /* FinanceViewModel.swift in Sources */,
				498E62194638AF42D4D5F4A1 /* HaleHubIOSApp.swift in Sources */,
				4BED8439C68597ED905E5518 /* HaleNotification.swift in Sources */,
				CC498B37E53DB67811F88BAD /* LetterDetailView.swift in Sources */,
				5153DFD64BF9325FEFC74E64 /* LetterEditorSheet.swift in Sources */,
				D5D1582EF5D926ED63EC7881 /* LoanCalculatorView.swift in Sources */,
				9B9348553D9A7A0E97A6E5C9 /* LogEventSheet.swift in Sources */,
				4F3EE32CA697D673557F7F60 /* LoginView.swift in Sources */,
				9C3F6E3B9748C95BBB6AAD63 /* MainTabView.swift in Sources */,
				8B4AAD519B389AE6E8ABE5BE /* MaintenanceHistoryView.swift in Sources */,
				518E40F650756756CBB7DDE6 /* MaintenanceScheduleManagerView.swift in Sources */,
				BCDE5F88E2E4D735D3B5F9FB /* MealPlanView.swift in Sources */,
				D5605EF868D5C66108CCCA2D /* NetworkMonitor.swift in Sources */,
				8927B65ACE9F99854E246D0E /* NotificationsView.swift in Sources */,
				D54E2E36A819178621728593 /* NotificationsViewModel.swift in Sources */,
				C55ECDB11898418FC61A3DBB /* OutingsAnalyticsView.swift in Sources */,
				89A04B5E9B416B66376FBC9E /* PartsLookupView.swift in Sources */,
				5CCB5B17B30F93AED9AA0484 /* QRBatchSheet.swift in Sources */,
				FEF7F2DD496245122391D452 /* QRCode.swift in Sources */,
				D134B3EE71C1CE50594C9311 /* QRCodeCreateSheet.swift in Sources */,
				63543260E7AFF283D98B27F7 /* QRCodeDetailView.swift in Sources */,
				B34DAAA824775C2B8FB9EDE7 /* QRCodeEditSheet.swift in Sources */,
				F87A49ECB07BF9E37E5D1260 /* QRCodesView.swift in Sources */,
				D00DF8718C2DD45538075682 /* ReadingCalendarView.swift in Sources */,
				A9D2FFBFE877D843C3A6F456 /* ReadingDayDetailView.swift in Sources */,
				87A636885F295E76F4D96781 /* ReadingPlan.swift in Sources */,
				E939161D079481F668443B56 /* ReadingView.swift in Sources */,
				F83EA4C8B97FAAF83529BB10 /* Recipe.swift in Sources */,
				5D5BAB0D28F39AD5E2F28089 /* RecipeDetailView.swift in Sources */,
				D467E8EA2E3144B396FD8895 /* RecipeEditView.swift in Sources */,
				92CB91D03662E6106C02EED7 /* RecipesListView.swift in Sources */,
				70570EDAB2447292C0FE276F /* RecipesViewModel.swift in Sources */,
				E5F537F0BD6951338006BB07 /* Resource.swift in Sources */,
				DF6FD95B813D135A81B599C7 /* ResourceDetailView.swift in Sources */,
				94D27B0D068B8688771F729B /* ResourceEditorSheet.swift in Sources */,
				5D4139CDA8E7C970FFAF15AF /* ResourcesHubView.swift in Sources */,
				88708811D5F23C9ACB63CCFF /* ShoppingList.swift in Sources */,
				781EE9C9FD1BF73B1123495B /* ShoppingListDetailView.swift in Sources */,
				10AA929077617858F9C0033D /* ShoppingListsView.swift in Sources */,
				9280B153050AE4AB40A9730B /* ShoppingViewModel.swift in Sources */,
				D4DAB7C569314B2B4EC325EF /* TimeCalculatorView.swift in Sources */,
				436A4F3CF403E3EDFC47B773 /* Tote.swift in Sources */,
				7632ECDEF899542D9D899CCC /* ToteDetailView.swift in Sources */,
				B14F46530706653C689340C6 /* ToteScannerView.swift in Sources */,
				3F50CD98FA91662D30597592 /* TotesListView.swift in Sources */,
				BAB500000000000000000002 /* Babysitter.swift in Sources */,
				BAB500000000000000000004 /* BabysittersListView.swift in Sources */,
				BAB500000000000000000006 /* BabysitterDetailView.swift in Sources */,
				BAB500000000000000000008 /* BabysitterFormSheet.swift in Sources */,
				BAB50000000000000000000A /* SessionFormSheet.swift in Sources */,
				BAB50000000000000000000C /* WeeklyReportView.swift in Sources */,
				BAB50000000000000000000E /* BabysitterPortalView.swift in Sources */,
				0B277FF382202D8663836D1A /* TrashView.swift in Sources */,
				3D9A70283B1418D66C2EB770 /* Vehicle.swift in Sources */,
				91A6E494EED5EEBEADD0A03C /* VehicleDetailView.swift in Sources */,
				B64A219F2C54619AD786BF54 /* VehiclesListView.swift in Sources */,
				150DF4647E3F54110B019C19 /* VehiclesViewModel.swift in Sources */,
			);
			runOnlyForDeploymentPostprocessing = 0;
		};
/* End PBXSourcesBuildPhase section */

/* Begin XCBuildConfiguration section */
		2B459BAD778F390A789B3B5D /* Release */ = {
			isa = XCBuildConfiguration;
			buildSettings = {
				ALWAYS_SEARCH_USER_PATHS = NO;
				CLANG_ANALYZER_NONNULL = YES;
				CLANG_ANALYZER_NUMBER_OBJECT_CONVERSION = YES_AGGRESSIVE;
				CLANG_CXX_LANGUAGE_STANDARD = "gnu++14";
				CLANG_CXX_LIBRARY = "libc++";
				CLANG_ENABLE_MODULES = YES;
				CLANG_ENABLE_OBJC_ARC = YES;
				CLANG_ENABLE_OBJC_WEAK = YES;
				CLANG_WARN_BLOCK_CAPTURE_AUTORELEASING = YES;
				CLANG_WARN_BOOL_CONVERSION = YES;
				CLANG_WARN_COMMA = YES;
				CLANG_WARN_CONSTANT_CONVERSION = YES;
				CLANG_WARN_DEPRECATED_OBJC_IMPLEMENTATIONS = YES;
				CLANG_WARN_DIRECT_OBJC_ISA_USAGE = YES_ERROR;
				CLANG_WARN_DOCUMENTATION_COMMENTS = YES;
				CLANG_WARN_EMPTY_BODY = YES;
				CLANG_WARN_ENUM_CONVERSION = YES;
				CLANG_WARN_INFINITE_RECURSION = YES;
				CLANG_WARN_INT_CONVERSION = YES;
				CLANG_WARN_NON_LITERAL_NULL_CONVERSION = YES;
				CLANG_WARN_OBJC_IMPLICIT_RETAIN_SELF = YES;
				CLANG_WARN_OBJC_LITERAL_CONVERSION = YES;
				CLANG_WARN_OBJC_ROOT_CLASS = YES_ERROR;
				CLANG_WARN_QUOTED_INCLUDE_IN_FRAMEWORK_HEADER = YES;
				CLANG_WARN_RANGE_LOOP_ANALYSIS = YES;
				CLANG_WARN_STRICT_PROTOTYPES = YES;
				CLANG_WARN_SUSPICIOUS_MOVE = YES;
				CLANG_WARN_UNGUARDED_AVAILABILITY = YES_AGGRESSIVE;
				CLANG_WARN_UNREACHABLE_CODE = YES;
				CLANG_WARN__DUPLICATE_METHOD_MATCH = YES;
				COPY_PHASE_STRIP = NO;
				CURRENT_PROJECT_VERSION = 26;
				DEBUG_INFORMATION_FORMAT = "dwarf-with-dsym";
				ENABLE_NS_ASSERTIONS = NO;
				ENABLE_STRICT_OBJC_MSGSEND = YES;
				GCC_C_LANGUAGE_STANDARD = gnu11;
				GCC_NO_COMMON_BLOCKS = YES;
				GCC_WARN_64_TO_32_BIT_CONVERSION = YES;
				GCC_WARN_ABOUT_RETURN_TYPE = YES_ERROR;
				GCC_WARN_UNDECLARED_SELECTOR = YES;
				GCC_WARN_UNINITIALIZED_AUTOS = YES_AGGRESSIVE;
				GCC_WARN_UNUSED_FUNCTION = YES;
				GCC_WARN_UNUSED_VARIABLE = YES;
				IPHONEOS_DEPLOYMENT_TARGET = 17.0;
				MARKETING_VERSION = 1.0;
				MTL_ENABLE_DEBUG_INFO = NO;
				MTL_FAST_MATH = YES;
				PRODUCT_NAME = "$(TARGET_NAME)";
				SDKROOT = iphoneos;
				SWIFT_COMPILATION_MODE = wholemodule;
				SWIFT_OPTIMIZATION_LEVEL = "-O";
				SWIFT_VERSION = 6.0;
			};
			name = Release;
		};
		3E3B05FB88EC022D86597A1D /* Release */ = {
			isa = XCBuildConfiguration;
			buildSettings = {
				ASSETCATALOG_COMPILER_APPICON_NAME = AppIcon;
				CODE_SIGN_IDENTITY = "iPhone Developer";
				DEVELOPMENT_TEAM = 473M622LJJ;
				INFOPLIST_FILE = Sources/HaleHubIOS/Info.plist;
				IPHONEOS_DEPLOYMENT_TARGET = 17.0;
				LD_RUNPATH_SEARCH_PATHS = (
					"$(inherited)",
					"@executable_path/Frameworks",
				);
				PRODUCT_BUNDLE_IDENTIFIER = com.halefamily.halehubios;
				SDKROOT = iphoneos;
				TARGETED_DEVICE_FAMILY = "1,2";
			};
			name = Release;
		};
		497EAED44EE577ACA94530EF /* Debug */ = {
			isa = XCBuildConfiguration;
			buildSettings = {
				ALWAYS_SEARCH_USER_PATHS = NO;
				CLANG_ANALYZER_NONNULL = YES;
				CLANG_ANALYZER_NUMBER_OBJECT_CONVERSION = YES_AGGRESSIVE;
				CLANG_CXX_LANGUAGE_STANDARD = "gnu++14";
				CLANG_CXX_LIBRARY = "libc++";
				CLANG_ENABLE_MODULES = YES;
				CLANG_ENABLE_OBJC_ARC = YES;
				CLANG_ENABLE_OBJC_WEAK = YES;
				CLANG_WARN_BLOCK_CAPTURE_AUTORELEASING = YES;
				CLANG_WARN_BOOL_CONVERSION = YES;
				CLANG_WARN_COMMA = YES;
				CLANG_WARN_CONSTANT_CONVERSION = YES;
				CLANG_WARN_DEPRECATED_OBJC_IMPLEMENTATIONS = YES;
				CLANG_WARN_DIRECT_OBJC_ISA_USAGE = YES_ERROR;
				CLANG_WARN_DOCUMENTATION_COMMENTS = YES;
				CLANG_WARN_EMPTY_BODY = YES;
				CLANG_WARN_ENUM_CONVERSION = YES;
				CLANG_WARN_INFINITE_RECURSION = YES;
				CLANG_WARN_INT_CONVERSION = YES;
				CLANG_WARN_NON_LITERAL_NULL_CONVERSION = YES;
				CLANG_WARN_OBJC_IMPLICIT_RETAIN_SELF = YES;
				CLANG_WARN_OBJC_LITERAL_CONVERSION = YES;
				CLANG_WARN_OBJC_ROOT_CLASS = YES_ERROR;
				CLANG_WARN_QUOTED_INCLUDE_IN_FRAMEWORK_HEADER = YES;
				CLANG_WARN_RANGE_LOOP_ANALYSIS = YES;
				CLANG_WARN_STRICT_PROTOTYPES = YES;
				CLANG_WARN_SUSPICIOUS_MOVE = YES;
				CLANG_WARN_UNGUARDED_AVAILABILITY = YES_AGGRESSIVE;
				CLANG_WARN_UNREACHABLE_CODE = YES;
				CLANG_WARN__DUPLICATE_METHOD_MATCH = YES;
				COPY_PHASE_STRIP = NO;
				CURRENT_PROJECT_VERSION = 26;
				DEBUG_INFORMATION_FORMAT = dwarf;
				ENABLE_STRICT_OBJC_MSGSEND = YES;
				ENABLE_TESTABILITY = YES;
				GCC_C_LANGUAGE_STANDARD = gnu11;
				GCC_DYNAMIC_NO_PIC = NO;
				GCC_NO_COMMON_BLOCKS = YES;
				GCC_OPTIMIZATION_LEVEL = 0;
				GCC_PREPROCESSOR_DEFINITIONS = (
					"$(inherited)",
					"DEBUG=1",
				);
				GCC_WARN_64_TO_32_BIT_CONVERSION = YES;
				GCC_WARN_ABOUT_RETURN_TYPE = YES_ERROR;
				GCC_WARN_UNDECLARED_SELECTOR = YES;
				GCC_WARN_UNINITIALIZED_AUTOS = YES_AGGRESSIVE;
				GCC_WARN_UNUSED_FUNCTION = YES;
				GCC_WARN_UNUSED_VARIABLE = YES;
				IPHONEOS_DEPLOYMENT_TARGET = 17.0;
				MARKETING_VERSION = 1.0;
				MTL_ENABLE_DEBUG_INFO = INCLUDE_SOURCE;
				MTL_FAST_MATH = YES;
				ONLY_ACTIVE_ARCH = YES;
				PRODUCT_NAME = "$(TARGET_NAME)";
				SDKROOT = iphoneos;
				SWIFT_ACTIVE_COMPILATION_CONDITIONS = DEBUG;
				SWIFT_OPTIMIZATION_LEVEL = "-Onone";
				SWIFT_VERSION = 6.0;
			};
			name = Debug;
		};
		817035A6F7E5200D63331FA1 /* Debug */ = {
			isa = XCBuildConfiguration;
			buildSettings = {
				ASSETCATALOG_COMPILER_APPICON_NAME = AppIcon;
				CODE_SIGN_IDENTITY = "iPhone Developer";
				DEVELOPMENT_TEAM = 473M622LJJ;
				INFOPLIST_FILE = Sources/HaleHubIOS/Info.plist;
				IPHONEOS_DEPLOYMENT_TARGET = 17.0;
				LD_RUNPATH_SEARCH_PATHS = (
					"$(inherited)",
					"@executable_path/Frameworks",
				);
				PRODUCT_BUNDLE_IDENTIFIER = com.halefamily.halehubios;
				SDKROOT = iphoneos;
				TARGETED_DEVICE_FAMILY = "1,2";
			};
			name = Debug;
		};
/* End XCBuildConfiguration section */

/* Begin XCConfigurationList section */
		3B3D8606F7461AA679980847 /* Build configuration list for PBXProject "HaleHubIOS" */ = {
			isa = XCConfigurationList;
			buildConfigurations = (
				497EAED44EE577ACA94530EF /* Debug */,
				2B459BAD778F390A789B3B5D /* Release */,
			);
			defaultConfigurationIsVisible = 0;
			defaultConfigurationName = Debug;
		};
		64D1CB02C1FE99690563D76D /* Build configuration list for PBXNativeTarget "HaleHubIOS" */ = {
			isa = XCConfigurationList;
			buildConfigurations = (
				817035A6F7E5200D63331FA1 /* Debug */,
				3E3B05FB88EC022D86597A1D /* Release */,
			);
			defaultConfigurationIsVisible = 0;
			defaultConfigurationName = Debug;
		};
/* End XCConfigurationList section */
	};
	rootObject = 559617F0D81DA1AB14EBCCA4 /* Project object */;
}
