// !$*UTF8*$!
{
	archiveVersion = 1;
	classes = {
	};
	objectVersion = 77;
	objects = {

/* Begin PBXBuildFile section */
		10AA929077617858F9C0033D /* ShoppingListsView.swift in Sources */ = {isa = PBXBuildFile; fileRef = 082F8360E610399CB9791E01 /* ShoppingListsView.swift */; };
		150DF4647E3F54110B019C19 /* VehiclesViewModel.swift in Sources */ = {isa = PBXBuildFile; fileRef = 875BB4EAC2FB2A89E50D3CE3 /* VehiclesViewModel.swift */; };
		197269BDB738EF7DC058D031 /* APIClient.swift in Sources */ = {isa = PBXBuildFile; fileRef = C8846379DD0DC0029F8B00B6 /* APIClient.swift */; };
		28BB62C71B132B865695D054 /* Assets.xcassets in Resources */ = {isa = PBXBuildFile; fileRef = 10D050A0AA135EA42867348B /* Assets.xcassets */; };
		3D9A70283B1418D66C2EB770 /* Vehicle.swift in Sources */ = {isa = PBXBuildFile; fileRef = 8F9E73A2B5915D0510398991 /* Vehicle.swift */; };
		498E62194638AF42D4D5F4A1 /* HaleHubIOSApp.swift in Sources */ = {isa = PBXBuildFile; fileRef = FE9989920930EEF68FF24A99 /* HaleHubIOSApp.swift */; };
		4BED8439C68597ED905E5518 /* HaleNotification.swift in Sources */ = {isa = PBXBuildFile; fileRef = 2AA1D7CF6070F458F822E505 /* HaleNotification.swift */; };
		4F3EE32CA697D673557F7F60 /* LoginView.swift in Sources */ = {isa = PBXBuildFile; fileRef = 0D322D12691A62F28635D061 /* LoginView.swift */; };
		5855076BEE4FCBA24B0E1E16 /* AccountView.swift in Sources */ = {isa = PBXBuildFile; fileRef = EC6F675794F03BA9FEA90968 /* AccountView.swift */; };
		5D5BAB0D28F39AD5E2F28089 /* RecipeDetailView.swift in Sources */ = {isa = PBXBuildFile; fileRef = EDE837B2ED56DF5798D132C3 /* RecipeDetailView.swift */; };
		70570EDAB2447292C0FE276F /* RecipesViewModel.swift in Sources */ = {isa = PBXBuildFile; fileRef = D24B721CFDEC7BEE72927514 /* RecipesViewModel.swift */; };
		781EE9C9FD1BF73B1123495B /* ShoppingListDetailView.swift in Sources */ = {isa = PBXBuildFile; fileRef = 4A4007424790D9C4CD3E4E10 /* ShoppingListDetailView.swift */; };
		823F50914D9327257F393EA2 /* CacheManager.swift in Sources */ = {isa = PBXBuildFile; fileRef = 0BF696F77373A167292BC317 /* CacheManager.swift */; };
		88708811D5F23C9ACB63CCFF /* ShoppingList.swift in Sources */ = {isa = PBXBuildFile; fileRef = 96E1670807EE686A9B7E7683 /* ShoppingList.swift */; };
		8927B65ACE9F99854E246D0E /* NotificationsView.swift in Sources */ = {isa = PBXBuildFile; fileRef = EBF25113EBEDA00D06F38AC3 /* NotificationsView.swift */; };
		89A04B5E9B416B66376FBC9E /* PartsLookupView.swift in Sources */ = {isa = PBXBuildFile; fileRef = 2C6C02CCFAF46EE2033790D8 /* PartsLookupView.swift */; };
		8B4AAD519B389AE6E8ABE5BE /* MaintenanceHistoryView.swift in Sources */ = {isa = PBXBuildFile; fileRef = 9CD4130D14F56C5404DD4F9D /* MaintenanceHistoryView.swift */; };
		91A6E494EED5EEBEADD0A03C /* VehicleDetailView.swift in Sources */ = {isa = PBXBuildFile; fileRef = E3A0DF54CE532F5E9E5E92AE /* VehicleDetailView.swift */; };
		9280B153050AE4AB40A9730B /* ShoppingViewModel.swift in Sources */ = {isa = PBXBuildFile; fileRef = 82E07456A55F649FBB9C8448 /* ShoppingViewModel.swift */; };
		92CB91D03662E6106C02EED7 /* RecipesListView.swift in Sources */ = {isa = PBXBuildFile; fileRef = 38E93521147DA51107C96ABA /* RecipesListView.swift */; };
		9B9348553D9A7A0E97A6E5C9 /* LogEventSheet.swift in Sources */ = {isa = PBXBuildFile; fileRef = 026B9CBC27B5BDAB71949F45 /* LogEventSheet.swift */; };
		9C3F6E3B9748C95BBB6AAD63 /* MainTabView.swift in Sources */ = {isa = PBXBuildFile; fileRef = 43CB5F5CE1DA94DB05CEFAB1 /* MainTabView.swift */; };
		B64A219F2C54619AD786BF54 /* VehiclesListView.swift in Sources */ = {isa = PBXBuildFile; fileRef = 1F4F9E24179FC7C33C97D8A4 /* VehiclesListView.swift */; };
		BCDE5F88E2E4D735D3B5F9FB /* MealPlanView.swift in Sources */ = {isa = PBXBuildFile; fileRef = 620CC00F94FEC794D68339CD /* MealPlanView.swift */; };
		C55ECDB11898418FC61A3DBB /* OutingsAnalyticsView.swift in Sources */ = {isa = PBXBuildFile; fileRef = D53C322D778E608338D5CB7D /* OutingsAnalyticsView.swift */; };
		D467E8EA2E3144B396FD8895 /* RecipeEditView.swift in Sources */ = {isa = PBXBuildFile; fileRef = 1FCDF504AF0FF0F7B2F22CC9 /* RecipeEditView.swift */; };
		D4DAB7C569314B2B4EC325EF /* TimeCalculatorView.swift in Sources */ = {isa = PBXBuildFile; fileRef = 54172C50FB914E1F40A7B76E /* TimeCalculatorView.swift */; };
		D54E2E36A819178621728593 /* NotificationsViewModel.swift in Sources */ = {isa = PBXBuildFile; fileRef = 78FB1010716375E4D43CFAC4 /* NotificationsViewModel.swift */; };
		D5605EF868D5C66108CCCA2D /* NetworkMonitor.swift in Sources */ = {isa = PBXBuildFile; fileRef = 1DA68F684F0A477BD7D1FEB9 /* NetworkMonitor.swift */; };
		D5D1582EF5D926ED63EC7881 /* LoanCalculatorView.swift in Sources */ = {isa = PBXBuildFile; fileRef = EB8B4D5F0F791D89EC2FB3A0 /* LoanCalculatorView.swift */; };
		DE32D7A36A038D9603EA2763 /* CookModeView.swift in Sources */ = {isa = PBXBuildFile; fileRef = 4D91DAB9A1CAE1BD99CF0623 /* CookModeView.swift */; };
		EEAB2FADBDA87D90CA2F7687 /* CompoundInterestView.swift in Sources */ = {isa = PBXBuildFile; fileRef = 264657A8853B85BCCFCEA2EA /* CompoundInterestView.swift */; };
		F5311CBEC7A613351D674BAE /* AuthManager.swift in Sources */ = {isa = PBXBuildFile; fileRef = 9BDCABC5B1F3AF0D5B94C773 /* AuthManager.swift */; };
		F83EA4C8B97FAAF83529BB10 /* Recipe.swift in Sources */ = {isa = PBXBuildFile; fileRef = B5759ACDD003F849257746C0 /* Recipe.swift */; };
/* End PBXBuildFile section */

/* Begin PBXFileReference section */
		026B9CBC27B5BDAB71949F45 /* LogEventSheet.swift */ = {isa = PBXFileReference; lastKnownFileType = sourcecode.swift; path = LogEventSheet.swift; sourceTree = "<group>"; };
		082F8360E610399CB9791E01 /* ShoppingListsView.swift */ = {isa = PBXFileReference; lastKnownFileType = sourcecode.swift; path = ShoppingListsView.swift; sourceTree = "<group>"; };
		0BF696F77373A167292BC317 /* CacheManager.swift */ = {isa = PBXFileReference; lastKnownFileType = sourcecode.swift; path = CacheManager.swift; sourceTree = "<group>"; };
		0D322D12691A62F28635D061 /* LoginView.swift */ = {isa = PBXFileReference; lastKnownFileType = sourcecode.swift; path = LoginView.swift; sourceTree = "<group>"; };
		10D050A0AA135EA42867348B /* Assets.xcassets */ = {isa = PBXFileReference; lastKnownFileType = folder.assetcatalog; path = Assets.xcassets; sourceTree = "<group>"; };
		1DA68F684F0A477BD7D1FEB9 /* NetworkMonitor.swift */ = {isa = PBXFileReference; lastKnownFileType = sourcecode.swift; path = NetworkMonitor.swift; sourceTree = "<group>"; };
		1F4F9E24179FC7C33C97D8A4 /* VehiclesListView.swift */ = {isa = PBXFileReference; lastKnownFileType = sourcecode.swift; path = VehiclesListView.swift; sourceTree = "<group>"; };
		1FCDF504AF0FF0F7B2F22CC9 /* RecipeEditView.swift */ = {isa = PBXFileReference; lastKnownFileType = sourcecode.swift; path = RecipeEditView.swift; sourceTree = "<group>"; };
		264657A8853B85BCCFCEA2EA /* CompoundInterestView.swift */ = {isa = PBXFileReference; lastKnownFileType = sourcecode.swift; path = CompoundInterestView.swift; sourceTree = "<group>"; };
		2AA1D7CF6070F458F822E505 /* HaleNotification.swift */ = {isa = PBXFileReference; lastKnownFileType = sourcecode.swift; path = HaleNotification.swift; sourceTree = "<group>"; };
		2C6C02CCFAF46EE2033790D8 /* PartsLookupView.swift */ = {isa = PBXFileReference; lastKnownFileType = sourcecode.swift; path = PartsLookupView.swift; sourceTree = "<group>"; };
		38E93521147DA51107C96ABA /* RecipesListView.swift */ = {isa = PBXFileReference; lastKnownFileType = sourcecode.swift; path = RecipesListView.swift; sourceTree = "<group>"; };
		43CB5F5CE1DA94DB05CEFAB1 /* MainTabView.swift */ = {isa = PBXFileReference; lastKnownFileType = sourcecode.swift; path = MainTabView.swift; sourceTree = "<group>"; };
		4A4007424790D9C4CD3E4E10 /* ShoppingListDetailView.swift */ = {isa = PBXFileReference; lastKnownFileType = sourcecode.swift; path = ShoppingListDetailView.swift; sourceTree = "<group>"; };
		4D91DAB9A1CAE1BD99CF0623 /* CookModeView.swift */ = {isa = PBXFileReference; lastKnownFileType = sourcecode.swift; path = CookModeView.swift; sourceTree = "<group>"; };
		54172C50FB914E1F40A7B76E /* TimeCalculatorView.swift */ = {isa = PBXFileReference; lastKnownFileType = sourcecode.swift; path = TimeCalculatorView.swift; sourceTree = "<group>"; };
		620CC00F94FEC794D68339CD /* MealPlanView.swift */ = {isa = PBXFileReference; lastKnownFileType = sourcecode.swift; path = MealPlanView.swift; sourceTree = "<group>"; };
		78FB1010716375E4D43CFAC4 /* NotificationsViewModel.swift */ = {isa = PBXFileReference; lastKnownFileType = sourcecode.swift; path = NotificationsViewModel.swift; sourceTree = "<group>"; };
		82E07456A55F649FBB9C8448 /* ShoppingViewModel.swift */ = {isa = PBXFileReference; lastKnownFileType = sourcecode.swift; path = ShoppingViewModel.swift; sourceTree = "<group>"; };
		875BB4EAC2FB2A89E50D3CE3 /* VehiclesViewModel.swift */ = {isa = PBXFileReference; lastKnownFileType = sourcecode.swift; path = VehiclesViewModel.swift; sourceTree = "<group>"; };
		8F9E73A2B5915D0510398991 /* Vehicle.swift */ = {isa = PBXFileReference; lastKnownFileType = sourcecode.swift; path = Vehicle.swift; sourceTree = "<group>"; };
		96E1670807EE686A9B7E7683 /* ShoppingList.swift */ = {isa = PBXFileReference; lastKnownFileType = sourcecode.swift; path = ShoppingList.swift; sourceTree = "<group>"; };
		9BDCABC5B1F3AF0D5B94C773 /* AuthManager.swift */ = {isa = PBXFileReference; lastKnownFileType = sourcecode.swift; path = AuthManager.swift; sourceTree = "<group>"; };
		9CD4130D14F56C5404DD4F9D /* MaintenanceHistoryView.swift */ = {isa = PBXFileReference; lastKnownFileType = sourcecode.swift; path = MaintenanceHistoryView.swift; sourceTree = "<group>"; };
		A9562ADACDD9013D314DD553 /* Info.plist */ = {isa = PBXFileReference; lastKnownFileType = text.plist; path = Info.plist; sourceTree = "<group>"; };
		B5759ACDD003F849257746C0 /* Recipe.swift */ = {isa = PBXFileReference; lastKnownFileType = sourcecode.swift; path = Recipe.swift; sourceTree = "<group>"; };
		C8846379DD0DC0029F8B00B6 /* APIClient.swift */ = {isa = PBXFileReference; lastKnownFileType = sourcecode.swift; path = APIClient.swift; sourceTree = "<group>"; };
		D24B721CFDEC7BEE72927514 /* RecipesViewModel.swift */ = {isa = PBXFileReference; lastKnownFileType = sourcecode.swift; path = RecipesViewModel.swift; sourceTree = "<group>"; };
		D53C322D778E608338D5CB7D /* OutingsAnalyticsView.swift */ = {isa = PBXFileReference; lastKnownFileType = sourcecode.swift; path = OutingsAnalyticsView.swift; sourceTree = "<group>"; };
		D77C2BBF0F9F154CA449BA91 /* HaleHubIOS.app */ = {isa = PBXFileReference; includeInIndex = 0; lastKnownFileType = wrapper.application; path = HaleHubIOS.app; sourceTree = BUILT_PRODUCTS_DIR; };
		E3A0DF54CE532F5E9E5E92AE /* VehicleDetailView.swift */ = {isa = PBXFileReference; lastKnownFileType = sourcecode.swift; path = VehicleDetailView.swift; sourceTree = "<group>"; };
		EB8B4D5F0F791D89EC2FB3A0 /* LoanCalculatorView.swift */ = {isa = PBXFileReference; lastKnownFileType = sourcecode.swift; path = LoanCalculatorView.swift; sourceTree = "<group>"; };
		EBF25113EBEDA00D06F38AC3 /* NotificationsView.swift */ = {isa = PBXFileReference; lastKnownFileType = sourcecode.swift; path = NotificationsView.swift; sourceTree = "<group>"; };
		EC6F675794F03BA9FEA90968 /* AccountView.swift */ = {isa = PBXFileReference; lastKnownFileType = sourcecode.swift; path = AccountView.swift; sourceTree = "<group>"; };
		EDE837B2ED56DF5798D132C3 /* RecipeDetailView.swift */ = {isa = PBXFileReference; lastKnownFileType = sourcecode.swift; path = RecipeDetailView.swift; sourceTree = "<group>"; };
		FE9989920930EEF68FF24A99 /* HaleHubIOSApp.swift */ = {isa = PBXFileReference; lastKnownFileType = sourcecode.swift; path = HaleHubIOSApp.swift; sourceTree = "<group>"; };
/* End PBXFileReference section */

/* Begin PBXGroup section */
		0C5917EC5CFD1AE35C23DF26 /* Calculators */ = {
			isa = PBXGroup;
			children = (
				264657A8853B85BCCFCEA2EA /* CompoundInterestView.swift */,
				EB8B4D5F0F791D89EC2FB3A0 /* LoanCalculatorView.swift */,
				54172C50FB914E1F40A7B76E /* TimeCalculatorView.swift */,
			);
			path = Calculators;
			sourceTree = "<group>";
		};
		2779E23076A0489295A19FEC /* Auth */ = {
			isa = PBXGroup;
			children = (
				0D322D12691A62F28635D061 /* LoginView.swift */,
			);
			path = Auth;
			sourceTree = "<group>";
		};
		2A11BDC9B4E80E58B096E2FA /* Network */ = {
			isa = PBXGroup;
			children = (
				C8846379DD0DC0029F8B00B6 /* APIClient.swift */,
				9BDCABC5B1F3AF0D5B94C773 /* AuthManager.swift */,
				1DA68F684F0A477BD7D1FEB9 /* NetworkMonitor.swift */,
			);
			path = Network;
			sourceTree = "<group>";
		};
		2BD4D7F439E7263ADCD5123F /* App */ = {
			isa = PBXGroup;
			children = (
				43CB5F5CE1DA94DB05CEFAB1 /* MainTabView.swift */,
			);
			path = App;
			sourceTree = "<group>";
		};
		568EAE4E88608D1EA0331FA4 /* Vehicles */ = {
			isa = PBXGroup;
			children = (
				026B9CBC27B5BDAB71949F45 /* LogEventSheet.swift */,
				9CD4130D14F56C5404DD4F9D /* MaintenanceHistoryView.swift */,
				D53C322D778E608338D5CB7D /* OutingsAnalyticsView.swift */,
				2C6C02CCFAF46EE2033790D8 /* PartsLookupView.swift */,
				E3A0DF54CE532F5E9E5E92AE /* VehicleDetailView.swift */,
				1F4F9E24179FC7C33C97D8A4 /* VehiclesListView.swift */,
				875BB4EAC2FB2A89E50D3CE3 /* VehiclesViewModel.swift */,
			);
			path = Vehicles;
			sourceTree = "<group>";
		};
		97EEECC98A68AA188994A413 /* Products */ = {
			isa = PBXGroup;
			children = (
				D77C2BBF0F9F154CA449BA91 /* HaleHubIOS.app */,
			);
			name = Products;
			sourceTree = "<group>";
		};
		A328491D00A9BF3A255E39E1 /* Storage */ = {
			isa = PBXGroup;
			children = (
				0BF696F77373A167292BC317 /* CacheManager.swift */,
			);
			path = Storage;
			sourceTree = "<group>";
		};
		A41D911E19A6940701787973 /* Recipes */ = {
			isa = PBXGroup;
			children = (
				4D91DAB9A1CAE1BD99CF0623 /* CookModeView.swift */,
				620CC00F94FEC794D68339CD /* MealPlanView.swift */,
				EDE837B2ED56DF5798D132C3 /* RecipeDetailView.swift */,
				1FCDF504AF0FF0F7B2F22CC9 /* RecipeEditView.swift */,
				38E93521147DA51107C96ABA /* RecipesListView.swift */,
				D24B721CFDEC7BEE72927514 /* RecipesViewModel.swift */,
			);
			path = Recipes;
			sourceTree = "<group>";
		};
		A527332F79E146C023F518AE /* Account */ = {
			isa = PBXGroup;
			children = (
				EC6F675794F03BA9FEA90968 /* AccountView.swift */,
				0C5917EC5CFD1AE35C23DF26 /* Calculators */,
			);
			path = Account;
			sourceTree = "<group>";
		};
		A916BB5154586E41F86F257E = {
			isa = PBXGroup;
			children = (
				E38C78865F9A8B9BA98DDF8B /* HaleHubIOS */,
				97EEECC98A68AA188994A413 /* Products */,
			);
			sourceTree = "<group>";
		};
		BEA2C024B12CB6CA2B31B1F1 /* Features */ = {
			isa = PBXGroup;
			children = (
				A527332F79E146C023F518AE /* Account */,
				2779E23076A0489295A19FEC /* Auth */,
				D645A6604A6A6419044BE7C6 /* Notifications */,
				A41D911E19A6940701787973 /* Recipes */,
				F9E8A2DD09DC25FDDC9A7DB3 /* Shopping */,
				568EAE4E88608D1EA0331FA4 /* Vehicles */,
			);
			path = Features;
			sourceTree = "<group>";
		};
		CC0D38461D8EF6E4CFD09D67 /* Resources */ = {
			isa = PBXGroup;
			children = (
				10D050A0AA135EA42867348B /* Assets.xcassets */,
			);
			path = Resources;
			sourceTree = "<group>";
		};
		D0F7D6D5B7838E8DC3B21088 /* Core */ = {
			isa = PBXGroup;
			children = (
				D4A79967382059C3D2354F07 /* Models */,
				2A11BDC9B4E80E58B096E2FA /* Network */,
				A328491D00A9BF3A255E39E1 /* Storage */,
			);
			path = Core;
			sourceTree = "<group>";
		};
		D4A79967382059C3D2354F07 /* Models */ = {
			isa = PBXGroup;
			children = (
				2AA1D7CF6070F458F822E505 /* HaleNotification.swift */,
				B5759ACDD003F849257746C0 /* Recipe.swift */,
				96E1670807EE686A9B7E7683 /* ShoppingList.swift */,
				8F9E73A2B5915D0510398991 /* Vehicle.swift */,
			);
			path = Models;
			sourceTree = "<group>";
		};
		D645A6604A6A6419044BE7C6 /* Notifications */ = {
			isa = PBXGroup;
			children = (
				EBF25113EBEDA00D06F38AC3 /* NotificationsView.swift */,
				78FB1010716375E4D43CFAC4 /* NotificationsViewModel.swift */,
			);
			path = Notifications;
			sourceTree = "<group>";
		};
		E38C78865F9A8B9BA98DDF8B /* HaleHubIOS */ = {
			isa = PBXGroup;
			children = (
				FE9989920930EEF68FF24A99 /* HaleHubIOSApp.swift */,
				A9562ADACDD9013D314DD553 /* Info.plist */,
				2BD4D7F439E7263ADCD5123F /* App */,
				D0F7D6D5B7838E8DC3B21088 /* Core */,
				BEA2C024B12CB6CA2B31B1F1 /* Features */,
				CC0D38461D8EF6E4CFD09D67 /* Resources */,
			);
			name = HaleHubIOS;
			path = Sources/HaleHubIOS;
			sourceTree = "<group>";
		};
		F9E8A2DD09DC25FDDC9A7DB3 /* Shopping */ = {
			isa = PBXGroup;
			children = (
				4A4007424790D9C4CD3E4E10 /* ShoppingListDetailView.swift */,
				082F8360E610399CB9791E01 /* ShoppingListsView.swift */,
				82E07456A55F649FBB9C8448 /* ShoppingViewModel.swift */,
			);
			path = Shopping;
			sourceTree = "<group>";
		};
/* End PBXGroup section */

/* Begin PBXNativeTarget section */
		11DA12F89A26FC90FF2634A3 /* HaleHubIOS */ = {
			isa = PBXNativeTarget;
			buildConfigurationList = 64D1CB02C1FE99690563D76D /* Build configuration list for PBXNativeTarget "HaleHubIOS" */;
			buildPhases = (
				FE2FFF9148B97F3E891C7646 /* Sources */,
				8C9EC32351570C793B3192D8 /* Resources */,
			);
			buildRules = (
			);
			dependencies = (
			);
			name = HaleHubIOS;
			packageProductDependencies = (
			);
			productName = HaleHubIOS;
			productReference = D77C2BBF0F9F154CA449BA91 /* HaleHubIOS.app */;
			productType = "com.apple.product-type.application";
		};
/* End PBXNativeTarget section */

/* Begin PBXProject section */
		559617F0D81DA1AB14EBCCA4 /* Project object */ = {
			isa = PBXProject;
			attributes = {
				BuildIndependentTargetsInParallel = YES;
				LastUpgradeCheck = 1600;
				TargetAttributes = {
				};
			};
			buildConfigurationList = 3B3D8606F7461AA679980847 /* Build configuration list for PBXProject "HaleHubIOS" */;
			developmentRegion = en;
			hasScannedForEncodings = 0;
			knownRegions = (
				Base,
				en,
			);
			mainGroup = A916BB5154586E41F86F257E;
			minimizedProjectReferenceProxies = 1;
			preferredProjectObjectVersion = 77;
			productRefGroup = 97EEECC98A68AA188994A413 /* Products */;
			projectDirPath = "";
			projectRoot = "";
			targets = (
				11DA12F89A26FC90FF2634A3 /* HaleHubIOS */,
			);
		};
/* End PBXProject section */

/* Begin PBXResourcesBuildPhase section */
		8C9EC32351570C793B3192D8 /* Resources */ = {
			isa = PBXResourcesBuildPhase;
			buildActionMask = 2147483647;
			files = (
				28BB62C71B132B865695D054 /* Assets.xcassets in Resources */,
			);
			runOnlyForDeploymentPostprocessing = 0;
		};
/* End PBXResourcesBuildPhase section */

/* Begin PBXSourcesBuildPhase section */
		FE2FFF9148B97F3E891C7646 /* Sources */ = {
			isa = PBXSourcesBuildPhase;
			buildActionMask = 2147483647;
			files = (
				197269BDB738EF7DC058D031 /* APIClient.swift in Sources */,
				5855076BEE4FCBA24B0E1E16 /* AccountView.swift in Sources */,
				F5311CBEC7A613351D674BAE /* AuthManager.swift in Sources */,
				823F50914D9327257F393EA2 /* CacheManager.swift in Sources */,
				EEAB2FADBDA87D90CA2F7687 /* CompoundInterestView.swift in Sources */,
				DE32D7A36A038D9603EA2763 /* CookModeView.swift in Sources */,
				498E62194638AF42D4D5F4A1 /* HaleHubIOSApp.swift in Sources */,
				4BED8439C68597ED905E5518 /* HaleNotification.swift in Sources */,
				D5D1582EF5D926ED63EC7881 /* LoanCalculatorView.swift in Sources */,
				9B9348553D9A7A0E97A6E5C9 /* LogEventSheet.swift in Sources */,
				4F3EE32CA697D673557F7F60 /* LoginView.swift in Sources */,
				9C3F6E3B9748C95BBB6AAD63 /* MainTabView.swift in Sources */,
				8B4AAD519B389AE6E8ABE5BE /* MaintenanceHistoryView.swift in Sources */,
				BCDE5F88E2E4D735D3B5F9FB /* MealPlanView.swift in Sources */,
				D5605EF868D5C66108CCCA2D /* NetworkMonitor.swift in Sources */,
				8927B65ACE9F99854E246D0E /* NotificationsView.swift in Sources */,
				D54E2E36A819178621728593 /* NotificationsViewModel.swift in Sources */,
				C55ECDB11898418FC61A3DBB /* OutingsAnalyticsView.swift in Sources */,
				89A04B5E9B416B66376FBC9E /* PartsLookupView.swift in Sources */,
				F83EA4C8B97FAAF83529BB10 /* Recipe.swift in Sources */,
				5D5BAB0D28F39AD5E2F28089 /* RecipeDetailView.swift in Sources */,
				D467E8EA2E3144B396FD8895 /* RecipeEditView.swift in Sources */,
				92CB91D03662E6106C02EED7 /* RecipesListView.swift in Sources */,
				70570EDAB2447292C0FE276F /* RecipesViewModel.swift in Sources */,
				88708811D5F23C9ACB63CCFF /* ShoppingList.swift in Sources */,
				781EE9C9FD1BF73B1123495B /* ShoppingListDetailView.swift in Sources */,
				10AA929077617858F9C0033D /* ShoppingListsView.swift in Sources */,
				9280B153050AE4AB40A9730B /* ShoppingViewModel.swift in Sources */,
				D4DAB7C569314B2B4EC325EF /* TimeCalculatorView.swift in Sources */,
				3D9A70283B1418D66C2EB770 /* Vehicle.swift in Sources */,
				91A6E494EED5EEBEADD0A03C /* VehicleDetailView.swift in Sources */,
				B64A219F2C54619AD786BF54 /* VehiclesListView.swift in Sources */,
				150DF4647E3F54110B019C19 /* VehiclesViewModel.swift in Sources */,
			);
			runOnlyForDeploymentPostprocessing = 0;
		};
/* End PBXSourcesBuildPhase section */

/* Begin XCBuildConfiguration section */
		2B459BAD778F390A789B3B5D /* Release */ = {
			isa = XCBuildConfiguration;
			buildSettings = {
				ALWAYS_SEARCH_USER_PATHS = NO;
				CLANG_ANALYZER_NONNULL = YES;
				CLANG_ANALYZER_NUMBER_OBJECT_CONVERSION = YES_AGGRESSIVE;
				CLANG_CXX_LANGUAGE_STANDARD = "gnu++14";
				CLANG_CXX_LIBRARY = "libc++";
				CLANG_ENABLE_MODULES = YES;
				CLANG_ENABLE_OBJC_ARC = YES;
				CLANG_ENABLE_OBJC_WEAK = YES;
				CLANG_WARN_BLOCK_CAPTURE_AUTORELEASING = YES;
				CLANG_WARN_BOOL_CONVERSION = YES;
				CLANG_WARN_COMMA = YES;
				CLANG_WARN_CONSTANT_CONVERSION = YES;
				CLANG_WARN_DEPRECATED_OBJC_IMPLEMENTATIONS = YES;
				CLANG_WARN_DIRECT_OBJC_ISA_USAGE = YES_ERROR;
				CLANG_WARN_DOCUMENTATION_COMMENTS = YES;
				CLANG_WARN_EMPTY_BODY = YES;
				CLANG_WARN_ENUM_CONVERSION = YES;
				CLANG_WARN_INFINITE_RECURSION = YES;
				CLANG_WARN_INT_CONVERSION = YES;
				CLANG_WARN_NON_LITERAL_NULL_CONVERSION = YES;
				CLANG_WARN_OBJC_IMPLICIT_RETAIN_SELF = YES;
				CLANG_WARN_OBJC_LITERAL_CONVERSION = YES;
				CLANG_WARN_OBJC_ROOT_CLASS = YES_ERROR;
				CLANG_WARN_QUOTED_INCLUDE_IN_FRAMEWORK_HEADER = YES;
				CLANG_WARN_RANGE_LOOP_ANALYSIS = YES;
				CLANG_WARN_STRICT_PROTOTYPES = YES;
				CLANG_WARN_SUSPICIOUS_MOVE = YES;
				CLANG_WARN_UNGUARDED_AVAILABILITY = YES_AGGRESSIVE;
				CLANG_WARN_UNREACHABLE_CODE = YES;
				CLANG_WARN__DUPLICATE_METHOD_MATCH = YES;
				COPY_PHASE_STRIP = NO;
				CURRENT_PROJECT_VERSION = 14;
				DEBUG_INFORMATION_FORMAT = "dwarf-with-dsym";
				ENABLE_NS_ASSERTIONS = NO;
				ENABLE_STRICT_OBJC_MSGSEND = YES;
				GCC_C_LANGUAGE_STANDARD = gnu11;
				GCC_NO_COMMON_BLOCKS = YES;
				GCC_WARN_64_TO_32_BIT_CONVERSION = YES;
				GCC_WARN_ABOUT_RETURN_TYPE = YES_ERROR;
				GCC_WARN_UNDECLARED_SELECTOR = YES;
				GCC_WARN_UNINITIALIZED_AUTOS = YES_AGGRESSIVE;
				GCC_WARN_UNUSED_FUNCTION = YES;
				GCC_WARN_UNUSED_VARIABLE = YES;
				IPHONEOS_DEPLOYMENT_TARGET = 17.0;
				MARKETING_VERSION = 1.0;
				MTL_ENABLE_DEBUG_INFO = NO;
				MTL_FAST_MATH = YES;
				PRODUCT_NAME = "$(TARGET_NAME)";
				SDKROOT = iphoneos;
				SWIFT_COMPILATION_MODE = wholemodule;
				SWIFT_OPTIMIZATION_LEVEL = "-O";
				SWIFT_VERSION = 6.0;
			};
			name = Release;
		};
		3E3B05FB88EC022D86597A1D /* Release */ = {
			isa = XCBuildConfiguration;
			buildSettings = {
				ASSETCATALOG_COMPILER_APPICON_NAME = AppIcon;
				CODE_SIGN_IDENTITY = "iPhone Developer";
				INFOPLIST_FILE = Sources/HaleHubIOS/Info.plist;
				IPHONEOS_DEPLOYMENT_TARGET = 17.0;
				LD_RUNPATH_SEARCH_PATHS = (
					"$(inherited)",
					"@executable_path/Frameworks",
				);
				PRODUCT_BUNDLE_IDENTIFIER = com.halefamily.halehubios;
				SDKROOT = iphoneos;
				TARGETED_DEVICE_FAMILY = "1,2";
			};
			name = Release;
		};
		497EAED44EE577ACA94530EF /* Debug */ = {
			isa = XCBuildConfiguration;
			buildSettings = {
				ALWAYS_SEARCH_USER_PATHS = NO;
				CLANG_ANALYZER_NONNULL = YES;
				CLANG_ANALYZER_NUMBER_OBJECT_CONVERSION = YES_AGGRESSIVE;
				CLANG_CXX_LANGUAGE_STANDARD = "gnu++14";
				CLANG_CXX_LIBRARY = "libc++";
				CLANG_ENABLE_MODULES = YES;
				CLANG_ENABLE_OBJC_ARC = YES;
				CLANG_ENABLE_OBJC_WEAK = YES;
				CLANG_WARN_BLOCK_CAPTURE_AUTORELEASING = YES;
				CLANG_WARN_BOOL_CONVERSION = YES;
				CLANG_WARN_COMMA = YES;
				CLANG_WARN_CONSTANT_CONVERSION = YES;
				CLANG_WARN_DEPRECATED_OBJC_IMPLEMENTATIONS = YES;
				CLANG_WARN_DIRECT_OBJC_ISA_USAGE = YES_ERROR;
				CLANG_WARN_DOCUMENTATION_COMMENTS = YES;
				CLANG_WARN_EMPTY_BODY = YES;
				CLANG_WARN_ENUM_CONVERSION = YES;
				CLANG_WARN_INFINITE_RECURSION = YES;
				CLANG_WARN_INT_CONVERSION = YES;
				CLANG_WARN_NON_LITERAL_NULL_CONVERSION = YES;
				CLANG_WARN_OBJC_IMPLICIT_RETAIN_SELF = YES;
				CLANG_WARN_OBJC_LITERAL_CONVERSION = YES;
				CLANG_WARN_OBJC_ROOT_CLASS = YES_ERROR;
				CLANG_WARN_QUOTED_INCLUDE_IN_FRAMEWORK_HEADER = YES;
				CLANG_WARN_RANGE_LOOP_ANALYSIS = YES;
				CLANG_WARN_STRICT_PROTOTYPES = YES;
				CLANG_WARN_SUSPICIOUS_MOVE = YES;
				CLANG_WARN_UNGUARDED_AVAILABILITY = YES_AGGRESSIVE;
				CLANG_WARN_UNREACHABLE_CODE = YES;
				CLANG_WARN__DUPLICATE_METHOD_MATCH = YES;
				COPY_PHASE_STRIP = NO;
				CURRENT_PROJECT_VERSION = 14;
				DEBUG_INFORMATION_FORMAT = dwarf;
				ENABLE_STRICT_OBJC_MSGSEND = YES;
				ENABLE_TESTABILITY = YES;
				GCC_C_LANGUAGE_STANDARD = gnu11;
				GCC_DYNAMIC_NO_PIC = NO;
				GCC_NO_COMMON_BLOCKS = YES;
				GCC_OPTIMIZATION_LEVEL = 0;
				GCC_PREPROCESSOR_DEFINITIONS = (
					"$(inherited)",
					"DEBUG=1",
				);
				GCC_WARN_64_TO_32_BIT_CONVERSION = YES;
				GCC_WARN_ABOUT_RETURN_TYPE = YES_ERROR;
				GCC_WARN_UNDECLARED_SELECTOR = YES;
				GCC_WARN_UNINITIALIZED_AUTOS = YES_AGGRESSIVE;
				GCC_WARN_UNUSED_FUNCTION = YES;
				GCC_WARN_UNUSED_VARIABLE = YES;
				IPHONEOS_DEPLOYMENT_TARGET = 17.0;
				MARKETING_VERSION = 1.0;
				MTL_ENABLE_DEBUG_INFO = INCLUDE_SOURCE;
				MTL_FAST_MATH = YES;
				ONLY_ACTIVE_ARCH = YES;
				PRODUCT_NAME = "$(TARGET_NAME)";
				SDKROOT = iphoneos;
				SWIFT_ACTIVE_COMPILATION_CONDITIONS = DEBUG;
				SWIFT_OPTIMIZATION_LEVEL = "-Onone";
				SWIFT_VERSION = 6.0;
			};
			name = Debug;
		};
		817035A6F7E5200D63331FA1 /* Debug */ = {
			isa = XCBuildConfiguration;
			buildSettings = {
				ASSETCATALOG_COMPILER_APPICON_NAME = AppIcon;
				CODE_SIGN_IDENTITY = "iPhone Developer";
				INFOPLIST_FILE = Sources/HaleHubIOS/Info.plist;
				IPHONEOS_DEPLOYMENT_TARGET = 17.0;
				LD_RUNPATH_SEARCH_PATHS = (
					"$(inherited)",
					"@executable_path/Frameworks",
				);
				PRODUCT_BUNDLE_IDENTIFIER = com.halefamily.halehubios;
				SDKROOT = iphoneos;
				TARGETED_DEVICE_FAMILY = "1,2";
			};
			name = Debug;
		};
/* End XCBuildConfiguration section */

/* Begin XCConfigurationList section */
		3B3D8606F7461AA679980847 /* Build configuration list for PBXProject "HaleHubIOS" */ = {
			isa = XCConfigurationList;
			buildConfigurations = (
				497EAED44EE577ACA94530EF /* Debug */,
				2B459BAD778F390A789B3B5D /* Release */,
			);
			defaultConfigurationIsVisible = 0;
			defaultConfigurationName = Debug;
		};
		64D1CB02C1FE99690563D76D /* Build configuration list for PBXNativeTarget "HaleHubIOS" */ = {
			isa = XCConfigurationList;
			buildConfigurations = (
				817035A6F7E5200D63331FA1 /* Debug */,
				3E3B05FB88EC022D86597A1D /* Release */,
			);
			defaultConfigurationIsVisible = 0;
			defaultConfigurationName = Debug;
		};
/* End XCConfigurationList section */
	};
	rootObject = 559617F0D81DA1AB14EBCCA4 /* Project object */;
}
